PODS:
  - Alamofire (3.3.0)
  - AlamofireImage (2.4.0):
    - Alamofire (~> 3.3)
  - ImageSlideshow/Alamofire (0.3.1):
    - AlamofireImage (~> 2.0)
    - ImageSlideshow/Core
  - ImageSlideshow/Core (0.3.1)

DEPENDENCIES:
  - ImageSlideshow/Alamofire (from `../`)

EXTERNAL SOURCES:
  ImageSlideshow:
    :path: "../"

SPEC CHECKSUMS:
  Alamofire: 9054db4a1b1ca9e363223183e01cea380159a27c
  AlamofireImage: 87408b652e0f5ae5fe364035f15aea8b9b24c77e
  ImageSlideshow: d421a31970f81a365748242d1f5808659a6a712e

COCOAPODS: 0.39.0
