PODS:
  - Alamofire (3.3.1)
  - AlamofireImage (2.4.0):
    - Alamofire (~> 3.3)
  - ImageSlideshow/Alamofire (0.4.0):
    - AlamofireImage (~> 2.0)
    - ImageSlideshow/Core
  - ImageSlideshow/Core (0.4.0)

DEPENDENCIES:
  - ImageSlideshow/Alamofire (from `../`)

EXTERNAL SOURCES:
  ImageSlideshow:
    :path: ../

SPEC CHECKSUMS:
  Alamofire: 369bc67b6f5ac33ded3648d7bd21c5bfb91c2ecc
  AlamofireImage: 87408b652e0f5ae5fe364035f15aea8b9b24c77e
  ImageSlideshow: 0d3632bc0c2b4d3fff24a49ce4d3022af8238b03

COCOAPODS: 0.39.0
