<?xml version="1.0" encoding="UTF-8"?>
<!DOCTYPE plist PUBLIC "-//Apple//DTD PLIST 1.0//EN" "http://www.apple.com/DTDs/PropertyList-1.0.dtd">
<plist version="1.0">
<dict>
	<key>archiveVersion</key>
	<string>1</string>
	<key>classes</key>
	<dict/>
	<key>objectVersion</key>
	<string>46</string>
	<key>objects</key>
	<dict>
		<key>09417F1351C21E0DCE8667BE</key>
		<dict>
			<key>includeInIndex</key>
			<string>1</string>
			<key>isa</key>
			<string>PBXFileReference</string>
			<key>lastKnownFileType</key>
			<string>text.xcconfig</string>
			<key>name</key>
			<string>Pods-ImageSlideshow_Example.release.xcconfig</string>
			<key>path</key>
			<string>Pods/Target Support Files/Pods-ImageSlideshow_Example/Pods-ImageSlideshow_Example.release.xcconfig</string>
			<key>sourceTree</key>
			<string>&lt;group&gt;</string>
		</dict>
		<key>1C4985EDB005E63A830176CE</key>
		<dict>
			<key>includeInIndex</key>
			<string>1</string>
			<key>isa</key>
			<string>PBXFileReference</string>
			<key>lastKnownFileType</key>
			<string>net.daringfireball.markdown</string>
			<key>name</key>
			<string>README.md</string>
			<key>path</key>
			<string>../README.md</string>
			<key>sourceTree</key>
			<string>&lt;group&gt;</string>
		</dict>
		<key>2623E7C85449099D5FCD00BF</key>
		<dict>
			<key>buildActionMask</key>
			<string>2147483647</string>
			<key>files</key>
			<array/>
			<key>inputPaths</key>
			<array/>
			<key>isa</key>
			<string>PBXShellScriptBuildPhase</string>
			<key>name</key>
			<string>[CP] Copy Pods Resources</string>
			<key>outputPaths</key>
			<array/>
			<key>runOnlyForDeploymentPostprocessing</key>
			<string>0</string>
			<key>shellPath</key>
			<string>/bin/sh</string>
			<key>shellScript</key>
			<string>"${SRCROOT}/Pods/Target Support Files/Pods-ImageSlideshow_Example/Pods-ImageSlideshow_Example-resources.sh"
</string>
			<key>showEnvVarsInLog</key>
			<string>0</string>
		</dict>
		<key>48A9DE9233FBEA3CF63A8E54</key>
		<dict>
			<key>fileRef</key>
			<string>8AA07A6EDAC622F1407E6C80</string>
			<key>isa</key>
			<string>PBXBuildFile</string>
		</dict>
		<key>5FD91AF3667236846934E8B9</key>
		<dict>
			<key>includeInIndex</key>
			<string>1</string>
			<key>isa</key>
			<string>PBXFileReference</string>
			<key>lastKnownFileType</key>
			<string>text</string>
			<key>name</key>
			<string>LICENSE</string>
			<key>path</key>
			<string>../LICENSE</string>
			<key>sourceTree</key>
			<string>&lt;group&gt;</string>
		</dict>
		<key>607FACC71AFB9204008FA782</key>
		<dict>
			<key>children</key>
			<array>
				<string>607FACF51AFB993E008FA782</string>
				<string>607FACD21AFB9204008FA782</string>
				<string>607FACE81AFB9204008FA782</string>
				<string>D0E8A9E31D97EB6D007EC517</string>
				<string>607FACD11AFB9204008FA782</string>
				<string>67EF8AB7524DB4FF7F66A17E</string>
				<string>88C40B0495D05599E2889C22</string>
			</array>
			<key>isa</key>
			<string>PBXGroup</string>
			<key>sourceTree</key>
			<string>&lt;group&gt;</string>
		</dict>
		<key>607FACC81AFB9204008FA782</key>
		<dict>
			<key>attributes</key>
			<dict>
				<key>LastSwiftMigration</key>
				<string>0700</string>
				<key>LastSwiftUpdateCheck</key>
				<string>0700</string>
				<key>LastUpgradeCheck</key>
				<string>0800</string>
				<key>ORGANIZATIONNAME</key>
				<string>CocoaPods</string>
				<key>TargetAttributes</key>
				<dict>
					<key>607FACCF1AFB9204008FA782</key>
					<dict>
						<key>CreatedOnToolsVersion</key>
						<string>6.3.1</string>
					</dict>
					<key>607FACE41AFB9204008FA782</key>
					<dict>
						<key>CreatedOnToolsVersion</key>
						<string>6.3.1</string>
						<key>TestTargetID</key>
						<string>607FACCF1AFB9204008FA782</string>
					</dict>
					<key>D0E8A9E11D97EB6D007EC517</key>
					<dict>
						<key>CreatedOnToolsVersion</key>
						<string>8.0</string>
						<key>DevelopmentTeam</key>
						<string>5VWB99DS38</string>
						<key>LastSwiftMigration</key>
						<string>0800</string>
						<key>ProvisioningStyle</key>
						<string>Automatic</string>
					</dict>
				</dict>
			</dict>
			<key>buildConfigurationList</key>
			<string>607FACCB1AFB9204008FA782</string>
			<key>compatibilityVersion</key>
			<string>Xcode 3.2</string>
			<key>developmentRegion</key>
			<string>English</string>
			<key>hasScannedForEncodings</key>
			<string>0</string>
			<key>isa</key>
			<string>PBXProject</string>
			<key>knownRegions</key>
			<array>
				<string>en</string>
				<string>Base</string>
			</array>
			<key>mainGroup</key>
			<string>607FACC71AFB9204008FA782</string>
			<key>productRefGroup</key>
			<string>607FACD11AFB9204008FA782</string>
			<key>projectDirPath</key>
			<string></string>
			<key>projectReferences</key>
			<array/>
			<key>projectRoot</key>
			<string></string>
			<key>targets</key>
			<array>
				<string>607FACCF1AFB9204008FA782</string>
				<string>607FACE41AFB9204008FA782</string>
				<string>D0E8A9E11D97EB6D007EC517</string>
			</array>
		</dict>
		<key>607FACCB1AFB9204008FA782</key>
		<dict>
			<key>buildConfigurations</key>
			<array>
				<string>607FACED1AFB9204008FA782</string>
				<string>607FACEE1AFB9204008FA782</string>
			</array>
			<key>defaultConfigurationIsVisible</key>
			<string>0</string>
			<key>defaultConfigurationName</key>
			<string>Release</string>
			<key>isa</key>
			<string>XCConfigurationList</string>
		</dict>
		<key>607FACCC1AFB9204008FA782</key>
		<dict>
			<key>buildActionMask</key>
			<string>2147483647</string>
			<key>files</key>
			<array>
				<string>607FACD81AFB9204008FA782</string>
				<string>607FACD61AFB9204008FA782</string>
			</array>
			<key>isa</key>
			<string>PBXSourcesBuildPhase</string>
			<key>runOnlyForDeploymentPostprocessing</key>
			<string>0</string>
		</dict>
		<key>607FACCD1AFB9204008FA782</key>
		<dict>
			<key>buildActionMask</key>
			<string>2147483647</string>
			<key>files</key>
			<array>
				<string>48A9DE9233FBEA3CF63A8E54</string>
			</array>
			<key>isa</key>
			<string>PBXFrameworksBuildPhase</string>
			<key>runOnlyForDeploymentPostprocessing</key>
			<string>0</string>
		</dict>
		<key>607FACCE1AFB9204008FA782</key>
		<dict>
			<key>buildActionMask</key>
			<string>2147483647</string>
			<key>files</key>
			<array>
				<string>607FACDB1AFB9204008FA782</string>
				<string>607FACE01AFB9204008FA782</string>
				<string>607FACDD1AFB9204008FA782</string>
			</array>
			<key>isa</key>
			<string>PBXResourcesBuildPhase</string>
			<key>runOnlyForDeploymentPostprocessing</key>
			<string>0</string>
		</dict>
		<key>607FACCF1AFB9204008FA782</key>
		<dict>
			<key>buildConfigurationList</key>
			<string>607FACEF1AFB9204008FA782</string>
			<key>buildPhases</key>
			<array>
				<string>C32710DF8FE75A6D757948CC</string>
				<string>607FACCC1AFB9204008FA782</string>
				<string>607FACCD1AFB9204008FA782</string>
				<string>607FACCE1AFB9204008FA782</string>
				<string>7EF425DA4D49DBDDA22C665D</string>
				<string>2623E7C85449099D5FCD00BF</string>
			</array>
			<key>buildRules</key>
			<array/>
			<key>dependencies</key>
			<array/>
			<key>isa</key>
			<string>PBXNativeTarget</string>
			<key>name</key>
			<string>ImageSlideshow_Example</string>
			<key>productName</key>
			<string>ImageSlideshow</string>
			<key>productReference</key>
			<string>607FACD01AFB9204008FA782</string>
			<key>productType</key>
			<string>com.apple.product-type.application</string>
		</dict>
		<key>607FACD01AFB9204008FA782</key>
		<dict>
			<key>explicitFileType</key>
			<string>wrapper.application</string>
			<key>includeInIndex</key>
			<string>0</string>
			<key>isa</key>
			<string>PBXFileReference</string>
			<key>path</key>
			<string>ImageSlideshow_Example.app</string>
			<key>sourceTree</key>
			<string>BUILT_PRODUCTS_DIR</string>
		</dict>
		<key>607FACD11AFB9204008FA782</key>
		<dict>
			<key>children</key>
			<array>
				<string>607FACD01AFB9204008FA782</string>
				<string>607FACE51AFB9204008FA782</string>
				<string>D0E8A9E21D97EB6D007EC517</string>
			</array>
			<key>isa</key>
			<string>PBXGroup</string>
			<key>name</key>
			<string>Products</string>
			<key>sourceTree</key>
			<string>&lt;group&gt;</string>
		</dict>
		<key>607FACD21AFB9204008FA782</key>
		<dict>
			<key>children</key>
			<array>
				<string>607FACD51AFB9204008FA782</string>
				<string>607FACD71AFB9204008FA782</string>
				<string>607FACD91AFB9204008FA782</string>
				<string>607FACDC1AFB9204008FA782</string>
				<string>607FACDE1AFB9204008FA782</string>
				<string>607FACD31AFB9204008FA782</string>
			</array>
			<key>isa</key>
			<string>PBXGroup</string>
			<key>name</key>
			<string>Example for ImageSlideshow</string>
			<key>path</key>
			<string>ImageSlideshow</string>
			<key>sourceTree</key>
			<string>&lt;group&gt;</string>
		</dict>
		<key>607FACD31AFB9204008FA782</key>
		<dict>
			<key>children</key>
			<array>
				<string>607FACD41AFB9204008FA782</string>
			</array>
			<key>isa</key>
			<string>PBXGroup</string>
			<key>name</key>
			<string>Supporting Files</string>
			<key>sourceTree</key>
			<string>&lt;group&gt;</string>
		</dict>
		<key>607FACD41AFB9204008FA782</key>
		<dict>
			<key>isa</key>
			<string>PBXFileReference</string>
			<key>lastKnownFileType</key>
			<string>text.plist.xml</string>
			<key>path</key>
			<string>Info.plist</string>
			<key>sourceTree</key>
			<string>&lt;group&gt;</string>
		</dict>
		<key>607FACD51AFB9204008FA782</key>
		<dict>
			<key>isa</key>
			<string>PBXFileReference</string>
			<key>lastKnownFileType</key>
			<string>sourcecode.swift</string>
			<key>path</key>
			<string>AppDelegate.swift</string>
			<key>sourceTree</key>
			<string>&lt;group&gt;</string>
		</dict>
		<key>607FACD61AFB9204008FA782</key>
		<dict>
			<key>fileRef</key>
			<string>607FACD51AFB9204008FA782</string>
			<key>isa</key>
			<string>PBXBuildFile</string>
		</dict>
		<key>607FACD71AFB9204008FA782</key>
		<dict>
			<key>isa</key>
			<string>PBXFileReference</string>
			<key>lastKnownFileType</key>
			<string>sourcecode.swift</string>
			<key>path</key>
			<string>ViewController.swift</string>
			<key>sourceTree</key>
			<string>&lt;group&gt;</string>
		</dict>
		<key>607FACD81AFB9204008FA782</key>
		<dict>
			<key>fileRef</key>
			<string>607FACD71AFB9204008FA782</string>
			<key>isa</key>
			<string>PBXBuildFile</string>
		</dict>
		<key>607FACD91AFB9204008FA782</key>
		<dict>
			<key>children</key>
			<array>
				<string>607FACDA1AFB9204008FA782</string>
			</array>
			<key>isa</key>
			<string>PBXVariantGroup</string>
			<key>name</key>
			<string>Main.storyboard</string>
			<key>sourceTree</key>
			<string>&lt;group&gt;</string>
		</dict>
		<key>607FACDA1AFB9204008FA782</key>
		<dict>
			<key>isa</key>
			<string>PBXFileReference</string>
			<key>lastKnownFileType</key>
			<string>file.storyboard</string>
			<key>name</key>
			<string>Base</string>
			<key>path</key>
			<string>Base.lproj/Main.storyboard</string>
			<key>sourceTree</key>
			<string>&lt;group&gt;</string>
		</dict>
		<key>607FACDB1AFB9204008FA782</key>
		<dict>
			<key>fileRef</key>
			<string>607FACD91AFB9204008FA782</string>
			<key>isa</key>
			<string>PBXBuildFile</string>
		</dict>
		<key>607FACDC1AFB9204008FA782</key>
		<dict>
			<key>isa</key>
			<string>PBXFileReference</string>
			<key>lastKnownFileType</key>
			<string>folder.assetcatalog</string>
			<key>path</key>
			<string>Images.xcassets</string>
			<key>sourceTree</key>
			<string>&lt;group&gt;</string>
		</dict>
		<key>607FACDD1AFB9204008FA782</key>
		<dict>
			<key>fileRef</key>
			<string>607FACDC1AFB9204008FA782</string>
			<key>isa</key>
			<string>PBXBuildFile</string>
		</dict>
		<key>607FACDE1AFB9204008FA782</key>
		<dict>
			<key>children</key>
			<array>
				<string>607FACDF1AFB9204008FA782</string>
			</array>
			<key>isa</key>
			<string>PBXVariantGroup</string>
			<key>name</key>
			<string>LaunchScreen.xib</string>
			<key>sourceTree</key>
			<string>&lt;group&gt;</string>
		</dict>
		<key>607FACDF1AFB9204008FA782</key>
		<dict>
			<key>isa</key>
			<string>PBXFileReference</string>
			<key>lastKnownFileType</key>
			<string>file.xib</string>
			<key>name</key>
			<string>Base</string>
			<key>path</key>
			<string>Base.lproj/LaunchScreen.xib</string>
			<key>sourceTree</key>
			<string>&lt;group&gt;</string>
		</dict>
		<key>607FACE01AFB9204008FA782</key>
		<dict>
			<key>fileRef</key>
			<string>607FACDE1AFB9204008FA782</string>
			<key>isa</key>
			<string>PBXBuildFile</string>
		</dict>
		<key>607FACE11AFB9204008FA782</key>
		<dict>
			<key>buildActionMask</key>
			<string>2147483647</string>
			<key>files</key>
			<array>
				<string>607FACEC1AFB9204008FA782</string>
			</array>
			<key>isa</key>
			<string>PBXSourcesBuildPhase</string>
			<key>runOnlyForDeploymentPostprocessing</key>
			<string>0</string>
		</dict>
		<key>607FACE21AFB9204008FA782</key>
		<dict>
			<key>buildActionMask</key>
			<string>2147483647</string>
			<key>files</key>
			<array/>
			<key>isa</key>
			<string>PBXFrameworksBuildPhase</string>
			<key>runOnlyForDeploymentPostprocessing</key>
			<string>0</string>
		</dict>
		<key>607FACE31AFB9204008FA782</key>
		<dict>
			<key>buildActionMask</key>
			<string>2147483647</string>
			<key>files</key>
			<array/>
			<key>isa</key>
			<string>PBXResourcesBuildPhase</string>
			<key>runOnlyForDeploymentPostprocessing</key>
			<string>0</string>
		</dict>
		<key>607FACE41AFB9204008FA782</key>
		<dict>
			<key>buildConfigurationList</key>
			<string>607FACF21AFB9204008FA782</string>
			<key>buildPhases</key>
			<array>
				<string>607FACE11AFB9204008FA782</string>
				<string>607FACE21AFB9204008FA782</string>
				<string>607FACE31AFB9204008FA782</string>
			</array>
			<key>buildRules</key>
			<array/>
			<key>dependencies</key>
			<array>
				<string>607FACE71AFB9204008FA782</string>
			</array>
			<key>isa</key>
			<string>PBXNativeTarget</string>
			<key>name</key>
			<string>ImageSlideshow_Tests</string>
			<key>productName</key>
			<string>Tests</string>
			<key>productReference</key>
			<string>607FACE51AFB9204008FA782</string>
			<key>productType</key>
			<string>com.apple.product-type.bundle.unit-test</string>
		</dict>
		<key>607FACE51AFB9204008FA782</key>
		<dict>
			<key>explicitFileType</key>
			<string>wrapper.cfbundle</string>
			<key>includeInIndex</key>
			<string>0</string>
			<key>isa</key>
			<string>PBXFileReference</string>
			<key>path</key>
			<string>ImageSlideshow_Tests.xctest</string>
			<key>sourceTree</key>
			<string>BUILT_PRODUCTS_DIR</string>
		</dict>
		<key>607FACE61AFB9204008FA782</key>
		<dict>
			<key>containerPortal</key>
			<string>607FACC81AFB9204008FA782</string>
			<key>isa</key>
			<string>PBXContainerItemProxy</string>
			<key>proxyType</key>
			<string>1</string>
			<key>remoteGlobalIDString</key>
			<string>607FACCF1AFB9204008FA782</string>
			<key>remoteInfo</key>
			<string>ImageSlideshow</string>
		</dict>
		<key>607FACE71AFB9204008FA782</key>
		<dict>
			<key>isa</key>
			<string>PBXTargetDependency</string>
			<key>target</key>
			<string>607FACCF1AFB9204008FA782</string>
			<key>targetProxy</key>
			<string>607FACE61AFB9204008FA782</string>
		</dict>
		<key>607FACE81AFB9204008FA782</key>
		<dict>
			<key>children</key>
			<array>
				<string>607FACEB1AFB9204008FA782</string>
				<string>607FACE91AFB9204008FA782</string>
			</array>
			<key>isa</key>
			<string>PBXGroup</string>
			<key>path</key>
			<string>Tests</string>
			<key>sourceTree</key>
			<string>&lt;group&gt;</string>
		</dict>
		<key>607FACE91AFB9204008FA782</key>
		<dict>
			<key>children</key>
			<array>
				<string>607FACEA1AFB9204008FA782</string>
			</array>
			<key>isa</key>
			<string>PBXGroup</string>
			<key>name</key>
			<string>Supporting Files</string>
			<key>sourceTree</key>
			<string>&lt;group&gt;</string>
		</dict>
		<key>607FACEA1AFB9204008FA782</key>
		<dict>
			<key>isa</key>
			<string>PBXFileReference</string>
			<key>lastKnownFileType</key>
			<string>text.plist.xml</string>
			<key>path</key>
			<string>Info.plist</string>
			<key>sourceTree</key>
			<string>&lt;group&gt;</string>
		</dict>
		<key>607FACEB1AFB9204008FA782</key>
		<dict>
			<key>isa</key>
			<string>PBXFileReference</string>
			<key>lastKnownFileType</key>
			<string>sourcecode.swift</string>
			<key>path</key>
			<string>Tests.swift</string>
			<key>sourceTree</key>
			<string>&lt;group&gt;</string>
		</dict>
		<key>607FACEC1AFB9204008FA782</key>
		<dict>
			<key>fileRef</key>
			<string>607FACEB1AFB9204008FA782</string>
			<key>isa</key>
			<string>PBXBuildFile</string>
		</dict>
		<key>607FACED1AFB9204008FA782</key>
		<dict>
			<key>buildSettings</key>
			<dict>
				<key>ALWAYS_SEARCH_USER_PATHS</key>
				<string>NO</string>
				<key>CLANG_CXX_LANGUAGE_STANDARD</key>
				<string>gnu++0x</string>
				<key>CLANG_CXX_LIBRARY</key>
				<string>libc++</string>
				<key>CLANG_ENABLE_MODULES</key>
				<string>YES</string>
				<key>CLANG_ENABLE_OBJC_ARC</key>
				<string>YES</string>
				<key>CLANG_WARN_BOOL_CONVERSION</key>
				<string>YES</string>
				<key>CLANG_WARN_CONSTANT_CONVERSION</key>
				<string>YES</string>
				<key>CLANG_WARN_DIRECT_OBJC_ISA_USAGE</key>
				<string>YES_ERROR</string>
				<key>CLANG_WARN_EMPTY_BODY</key>
				<string>YES</string>
				<key>CLANG_WARN_ENUM_CONVERSION</key>
				<string>YES</string>
				<key>CLANG_WARN_INFINITE_RECURSION</key>
				<string>YES</string>
				<key>CLANG_WARN_INT_CONVERSION</key>
				<string>YES</string>
				<key>CLANG_WARN_OBJC_ROOT_CLASS</key>
				<string>YES_ERROR</string>
				<key>CLANG_WARN_SUSPICIOUS_MOVE</key>
				<string>YES</string>
				<key>CLANG_WARN_UNREACHABLE_CODE</key>
				<string>YES</string>
				<key>CLANG_WARN__DUPLICATE_METHOD_MATCH</key>
				<string>YES</string>
				<key>CODE_SIGN_IDENTITY[sdk=iphoneos*]</key>
				<string>iPhone Developer</string>
				<key>COPY_PHASE_STRIP</key>
				<string>NO</string>
				<key>DEBUG_INFORMATION_FORMAT</key>
				<string>dwarf-with-dsym</string>
				<key>ENABLE_STRICT_OBJC_MSGSEND</key>
				<string>YES</string>
				<key>ENABLE_TESTABILITY</key>
				<string>YES</string>
				<key>GCC_C_LANGUAGE_STANDARD</key>
				<string>gnu99</string>
				<key>GCC_DYNAMIC_NO_PIC</key>
				<string>NO</string>
				<key>GCC_NO_COMMON_BLOCKS</key>
				<string>YES</string>
				<key>GCC_OPTIMIZATION_LEVEL</key>
				<string>0</string>
				<key>GCC_PREPROCESSOR_DEFINITIONS</key>
				<array>
					<string>DEBUG=1</string>
					<string>$(inherited)</string>
				</array>
				<key>GCC_SYMBOLS_PRIVATE_EXTERN</key>
				<string>NO</string>
				<key>GCC_WARN_64_TO_32_BIT_CONVERSION</key>
				<string>YES</string>
				<key>GCC_WARN_ABOUT_RETURN_TYPE</key>
				<string>YES_ERROR</string>
				<key>GCC_WARN_UNDECLARED_SELECTOR</key>
				<string>YES</string>
				<key>GCC_WARN_UNINITIALIZED_AUTOS</key>
				<string>YES_AGGRESSIVE</string>
				<key>GCC_WARN_UNUSED_FUNCTION</key>
				<string>YES</string>
				<key>GCC_WARN_UNUSED_VARIABLE</key>
				<string>YES</string>
				<key>IPHONEOS_DEPLOYMENT_TARGET</key>
				<string>9.0</string>
				<key>MTL_ENABLE_DEBUG_INFO</key>
				<string>YES</string>
				<key>ONLY_ACTIVE_ARCH</key>
				<string>YES</string>
				<key>SDKROOT</key>
				<string>iphoneos</string>
				<key>SWIFT_OPTIMIZATION_LEVEL</key>
				<string>-Onone</string>
				<key>SWIFT_VERSION</key>
				<string>3.0</string>
			</dict>
			<key>isa</key>
			<string>XCBuildConfiguration</string>
			<key>name</key>
			<string>Debug</string>
		</dict>
		<key>607FACEE1AFB9204008FA782</key>
		<dict>
			<key>buildSettings</key>
			<dict>
				<key>ALWAYS_SEARCH_USER_PATHS</key>
				<string>NO</string>
				<key>CLANG_CXX_LANGUAGE_STANDARD</key>
				<string>gnu++0x</string>
				<key>CLANG_CXX_LIBRARY</key>
				<string>libc++</string>
				<key>CLANG_ENABLE_MODULES</key>
				<string>YES</string>
				<key>CLANG_ENABLE_OBJC_ARC</key>
				<string>YES</string>
				<key>CLANG_WARN_BOOL_CONVERSION</key>
				<string>YES</string>
				<key>CLANG_WARN_CONSTANT_CONVERSION</key>
				<string>YES</string>
				<key>CLANG_WARN_DIRECT_OBJC_ISA_USAGE</key>
				<string>YES_ERROR</string>
				<key>CLANG_WARN_EMPTY_BODY</key>
				<string>YES</string>
				<key>CLANG_WARN_ENUM_CONVERSION</key>
				<string>YES</string>
				<key>CLANG_WARN_INFINITE_RECURSION</key>
				<string>YES</string>
				<key>CLANG_WARN_INT_CONVERSION</key>
				<string>YES</string>
				<key>CLANG_WARN_OBJC_ROOT_CLASS</key>
				<string>YES_ERROR</string>
				<key>CLANG_WARN_SUSPICIOUS_MOVE</key>
				<string>YES</string>
				<key>CLANG_WARN_UNREACHABLE_CODE</key>
				<string>YES</string>
				<key>CLANG_WARN__DUPLICATE_METHOD_MATCH</key>
				<string>YES</string>
				<key>CODE_SIGN_IDENTITY[sdk=iphoneos*]</key>
				<string>iPhone Developer</string>
				<key>COPY_PHASE_STRIP</key>
				<string>NO</string>
				<key>DEBUG_INFORMATION_FORMAT</key>
				<string>dwarf-with-dsym</string>
				<key>ENABLE_NS_ASSERTIONS</key>
				<string>NO</string>
				<key>ENABLE_STRICT_OBJC_MSGSEND</key>
				<string>YES</string>
				<key>GCC_C_LANGUAGE_STANDARD</key>
				<string>gnu99</string>
				<key>GCC_NO_COMMON_BLOCKS</key>
				<string>YES</string>
				<key>GCC_WARN_64_TO_32_BIT_CONVERSION</key>
				<string>YES</string>
				<key>GCC_WARN_ABOUT_RETURN_TYPE</key>
				<string>YES_ERROR</string>
				<key>GCC_WARN_UNDECLARED_SELECTOR</key>
				<string>YES</string>
				<key>GCC_WARN_UNINITIALIZED_AUTOS</key>
				<string>YES_AGGRESSIVE</string>
				<key>GCC_WARN_UNUSED_FUNCTION</key>
				<string>YES</string>
				<key>GCC_WARN_UNUSED_VARIABLE</key>
				<string>YES</string>
				<key>IPHONEOS_DEPLOYMENT_TARGET</key>
				<string>9.0</string>
				<key>MTL_ENABLE_DEBUG_INFO</key>
				<string>NO</string>
				<key>SDKROOT</key>
				<string>iphoneos</string>
				<key>SWIFT_OPTIMIZATION_LEVEL</key>
				<string>-Owholemodule</string>
				<key>SWIFT_VERSION</key>
				<string>3.0</string>
				<key>VALIDATE_PRODUCT</key>
				<string>YES</string>
			</dict>
			<key>isa</key>
			<string>XCBuildConfiguration</string>
			<key>name</key>
			<string>Release</string>
		</dict>
		<key>607FACEF1AFB9204008FA782</key>
		<dict>
			<key>buildConfigurations</key>
			<array>
				<string>607FACF01AFB9204008FA782</string>
				<string>607FACF11AFB9204008FA782</string>
			</array>
			<key>defaultConfigurationIsVisible</key>
			<string>0</string>
			<key>defaultConfigurationName</key>
			<string>Release</string>
			<key>isa</key>
			<string>XCConfigurationList</string>
		</dict>
		<key>607FACF01AFB9204008FA782</key>
		<dict>
			<key>baseConfigurationReference</key>
			<string>FD45C56C18E7B8EC08371B86</string>
			<key>buildSettings</key>
			<dict>
				<key>ALWAYS_EMBED_SWIFT_STANDARD_LIBRARIES</key>
				<string>YES</string>
				<key>ASSETCATALOG_COMPILER_APPICON_NAME</key>
				<string>AppIcon</string>
				<key>INFOPLIST_FILE</key>
				<string>ImageSlideshow/Info.plist</string>
				<key>LD_RUNPATH_SEARCH_PATHS</key>
				<string>$(inherited) @executable_path/Frameworks</string>
				<key>MODULE_NAME</key>
				<string>ExampleApp</string>
				<key>PRODUCT_BUNDLE_IDENTIFIER</key>
				<string>org.cocoapods.demo.$(PRODUCT_NAME:rfc1034identifier)</string>
				<key>PRODUCT_NAME</key>
				<string>$(TARGET_NAME)</string>
				<key>SWIFT_VERSION</key>
				<string>3.0</string>
			</dict>
			<key>isa</key>
			<string>XCBuildConfiguration</string>
			<key>name</key>
			<string>Debug</string>
		</dict>
		<key>607FACF11AFB9204008FA782</key>
		<dict>
			<key>baseConfigurationReference</key>
			<string>09417F1351C21E0DCE8667BE</string>
			<key>buildSettings</key>
			<dict>
				<key>ALWAYS_EMBED_SWIFT_STANDARD_LIBRARIES</key>
				<string>YES</string>
				<key>ASSETCATALOG_COMPILER_APPICON_NAME</key>
				<string>AppIcon</string>
				<key>INFOPLIST_FILE</key>
				<string>ImageSlideshow/Info.plist</string>
				<key>LD_RUNPATH_SEARCH_PATHS</key>
				<string>$(inherited) @executable_path/Frameworks</string>
				<key>MODULE_NAME</key>
				<string>ExampleApp</string>
				<key>PRODUCT_BUNDLE_IDENTIFIER</key>
				<string>org.cocoapods.demo.$(PRODUCT_NAME:rfc1034identifier)</string>
				<key>PRODUCT_NAME</key>
				<string>$(TARGET_NAME)</string>
				<key>SWIFT_VERSION</key>
				<string>3.0</string>
			</dict>
			<key>isa</key>
			<string>XCBuildConfiguration</string>
			<key>name</key>
			<string>Release</string>
		</dict>
		<key>607FACF21AFB9204008FA782</key>
		<dict>
			<key>buildConfigurations</key>
			<array>
				<string>607FACF31AFB9204008FA782</string>
				<string>607FACF41AFB9204008FA782</string>
			</array>
			<key>defaultConfigurationIsVisible</key>
			<string>0</string>
			<key>defaultConfigurationName</key>
			<string>Release</string>
			<key>isa</key>
			<string>XCConfigurationList</string>
		</dict>
		<key>607FACF31AFB9204008FA782</key>
		<dict>
			<key>buildSettings</key>
			<dict>
				<key>BUNDLE_LOADER</key>
				<string>$(TEST_HOST)</string>
				<key>FRAMEWORK_SEARCH_PATHS</key>
				<array>
					<string>$(SDKROOT)/Developer/Library/Frameworks</string>
					<string>$(inherited)</string>
				</array>
				<key>GCC_PREPROCESSOR_DEFINITIONS</key>
				<array>
					<string>DEBUG=1</string>
					<string>$(inherited)</string>
				</array>
				<key>INFOPLIST_FILE</key>
				<string>Tests/Info.plist</string>
				<key>LD_RUNPATH_SEARCH_PATHS</key>
				<string>$(inherited) @executable_path/Frameworks @loader_path/Frameworks</string>
				<key>PRODUCT_BUNDLE_IDENTIFIER</key>
				<string>org.cocoapods.$(PRODUCT_NAME:rfc1034identifier)</string>
				<key>PRODUCT_NAME</key>
				<string>$(TARGET_NAME)</string>
				<key>TEST_HOST</key>
				<string>$(BUILT_PRODUCTS_DIR)/ImageSlideshow_Example.app/ImageSlideshow_Example</string>
			</dict>
			<key>isa</key>
			<string>XCBuildConfiguration</string>
			<key>name</key>
			<string>Debug</string>
		</dict>
		<key>607FACF41AFB9204008FA782</key>
		<dict>
			<key>buildSettings</key>
			<dict>
				<key>BUNDLE_LOADER</key>
				<string>$(TEST_HOST)</string>
				<key>FRAMEWORK_SEARCH_PATHS</key>
				<array>
					<string>$(SDKROOT)/Developer/Library/Frameworks</string>
					<string>$(inherited)</string>
				</array>
				<key>INFOPLIST_FILE</key>
				<string>Tests/Info.plist</string>
				<key>LD_RUNPATH_SEARCH_PATHS</key>
				<string>$(inherited) @executable_path/Frameworks @loader_path/Frameworks</string>
				<key>PRODUCT_BUNDLE_IDENTIFIER</key>
				<string>org.cocoapods.$(PRODUCT_NAME:rfc1034identifier)</string>
				<key>PRODUCT_NAME</key>
				<string>$(TARGET_NAME)</string>
				<key>TEST_HOST</key>
				<string>$(BUILT_PRODUCTS_DIR)/ImageSlideshow_Example.app/ImageSlideshow_Example</string>
			</dict>
			<key>isa</key>
			<string>XCBuildConfiguration</string>
			<key>name</key>
			<string>Release</string>
		</dict>
		<key>607FACF51AFB993E008FA782</key>
		<dict>
			<key>children</key>
			<array>
				<string>749E212B852A3FE6757C1D36</string>
				<string>1C4985EDB005E63A830176CE</string>
				<string>5FD91AF3667236846934E8B9</string>
			</array>
			<key>isa</key>
			<string>PBXGroup</string>
			<key>name</key>
			<string>Podspec Metadata</string>
			<key>sourceTree</key>
			<string>&lt;group&gt;</string>
		</dict>
		<key>67EF8AB7524DB4FF7F66A17E</key>
		<dict>
			<key>children</key>
			<array>
				<string>FD45C56C18E7B8EC08371B86</string>
				<string>09417F1351C21E0DCE8667BE</string>
			</array>
			<key>isa</key>
			<string>PBXGroup</string>
			<key>name</key>
			<string>Pods</string>
			<key>sourceTree</key>
			<string>&lt;group&gt;</string>
		</dict>
		<key>749E212B852A3FE6757C1D36</key>
		<dict>
			<key>includeInIndex</key>
			<string>1</string>
			<key>isa</key>
			<string>PBXFileReference</string>
			<key>lastKnownFileType</key>
			<string>text</string>
			<key>name</key>
			<string>ImageSlideshow.podspec</string>
			<key>path</key>
			<string>../ImageSlideshow.podspec</string>
			<key>sourceTree</key>
			<string>&lt;group&gt;</string>
		</dict>
		<key>7EF425DA4D49DBDDA22C665D</key>
		<dict>
			<key>buildActionMask</key>
			<string>2147483647</string>
			<key>files</key>
			<array/>
			<key>inputPaths</key>
			<array/>
			<key>isa</key>
			<string>PBXShellScriptBuildPhase</string>
			<key>name</key>
			<string>[CP] Embed Pods Frameworks</string>
			<key>outputPaths</key>
			<array/>
			<key>runOnlyForDeploymentPostprocessing</key>
			<string>0</string>
			<key>shellPath</key>
			<string>/bin/sh</string>
			<key>shellScript</key>
			<string>"${SRCROOT}/Pods/Target Support Files/Pods-ImageSlideshow_Example/Pods-ImageSlideshow_Example-frameworks.sh"
</string>
			<key>showEnvVarsInLog</key>
			<string>0</string>
		</dict>
		<key>88C40B0495D05599E2889C22</key>
		<dict>
			<key>children</key>
			<array>
				<string>8AA07A6EDAC622F1407E6C80</string>
			</array>
			<key>isa</key>
			<string>PBXGroup</string>
			<key>name</key>
			<string>Frameworks</string>
			<key>sourceTree</key>
			<string>&lt;group&gt;</string>
		</dict>
		<key>8AA07A6EDAC622F1407E6C80</key>
		<dict>
			<key>explicitFileType</key>
			<string>wrapper.framework</string>
			<key>includeInIndex</key>
			<string>0</string>
			<key>isa</key>
			<string>PBXFileReference</string>
			<key>path</key>
			<string>Pods_ImageSlideshow_Example.framework</string>
			<key>sourceTree</key>
			<string>BUILT_PRODUCTS_DIR</string>
		</dict>
		<key>C32710DF8FE75A6D757948CC</key>
		<dict>
			<key>buildActionMask</key>
			<string>2147483647</string>
			<key>files</key>
			<array/>
			<key>inputPaths</key>
			<array/>
			<key>isa</key>
			<string>PBXShellScriptBuildPhase</string>
			<key>name</key>
			<string>[CP] Check Pods Manifest.lock</string>
			<key>outputPaths</key>
			<array/>
			<key>runOnlyForDeploymentPostprocessing</key>
			<string>0</string>
			<key>shellPath</key>
			<string>/bin/sh</string>
			<key>shellScript</key>
			<string>diff "${PODS_ROOT}/../Podfile.lock" "${PODS_ROOT}/Manifest.lock" &gt; /dev/null
if [[ $? != 0 ]] ; then
    cat &lt;&lt; EOM
error: The sandbox is not in sync with the Podfile.lock. Run 'pod install' or update your CocoaPods installation.
EOM
    exit 1
fi
</string>
			<key>showEnvVarsInLog</key>
			<string>0</string>
		</dict>
		<key>D0E8A9DD1D97EB6D007EC517</key>
		<dict>
			<key>buildActionMask</key>
			<string>2147483647</string>
			<key>files</key>
			<array>
				<string>D0E8A9F21D97EB94007EC517</string>
				<string>D0E8A9F41D97EB94007EC517</string>
				<string>D0E8A9F61D97EB94007EC517</string>
				<string>D0E8A9F71D97EB94007EC517</string>
				<string>D0E8A9F51D97EB94007EC517</string>
				<string>D0E8A9F11D97EB94007EC517</string>
				<string>D0E8A9F31D97EB94007EC517</string>
			</array>
			<key>isa</key>
			<string>PBXSourcesBuildPhase</string>
			<key>runOnlyForDeploymentPostprocessing</key>
			<string>0</string>
		</dict>
		<key>D0E8A9DE1D97EB6D007EC517</key>
		<dict>
			<key>buildActionMask</key>
			<string>2147483647</string>
			<key>files</key>
			<array/>
			<key>isa</key>
			<string>PBXFrameworksBuildPhase</string>
			<key>runOnlyForDeploymentPostprocessing</key>
			<string>0</string>
		</dict>
		<key>D0E8A9DF1D97EB6D007EC517</key>
		<dict>
			<key>buildActionMask</key>
			<string>2147483647</string>
			<key>files</key>
			<array>
				<string>D0E8A9E61D97EB6D007EC517</string>
			</array>
			<key>isa</key>
			<string>PBXHeadersBuildPhase</string>
			<key>runOnlyForDeploymentPostprocessing</key>
			<string>0</string>
		</dict>
		<key>D0E8A9E01D97EB6D007EC517</key>
		<dict>
			<key>buildActionMask</key>
			<string>2147483647</string>
			<key>files</key>
			<array/>
			<key>isa</key>
			<string>PBXResourcesBuildPhase</string>
			<key>runOnlyForDeploymentPostprocessing</key>
			<string>0</string>
		</dict>
		<key>D0E8A9E11D97EB6D007EC517</key>
		<dict>
			<key>buildConfigurationList</key>
			<string>D0E8A9E91D97EB6D007EC517</string>
			<key>buildPhases</key>
			<array>
				<string>D0E8A9DD1D97EB6D007EC517</string>
				<string>D0E8A9DE1D97EB6D007EC517</string>
				<string>D0E8A9DF1D97EB6D007EC517</string>
				<string>D0E8A9E01D97EB6D007EC517</string>
			</array>
			<key>buildRules</key>
			<array/>
			<key>dependencies</key>
			<array/>
			<key>isa</key>
			<string>PBXNativeTarget</string>
			<key>name</key>
			<string>ImageSlideshow_framework</string>
			<key>productName</key>
			<string>ImageSlideshow_framework</string>
			<key>productReference</key>
			<string>D0E8A9E21D97EB6D007EC517</string>
			<key>productType</key>
			<string>com.apple.product-type.framework</string>
		</dict>
		<key>D0E8A9E21D97EB6D007EC517</key>
		<dict>
			<key>explicitFileType</key>
			<string>wrapper.framework</string>
			<key>includeInIndex</key>
			<string>0</string>
			<key>isa</key>
			<string>PBXFileReference</string>
			<key>path</key>
			<string>ImageSlideshow.framework</string>
			<key>sourceTree</key>
			<string>BUILT_PRODUCTS_DIR</string>
		</dict>
		<key>D0E8A9E31D97EB6D007EC517</key>
		<dict>
			<key>children</key>
			<array>
				<string>D0E8A9EA1D97EB94007EC517</string>
				<string>D0E8A9EB1D97EB94007EC517</string>
				<string>D0E8A9EC1D97EB94007EC517</string>
				<string>D0E8A9ED1D97EB94007EC517</string>
				<string>D0E8A9EE1D97EB94007EC517</string>
				<string>D0E8A9EF1D97EB94007EC517</string>
				<string>D0E8A9F01D97EB94007EC517</string>
				<string>D0E8A9E41D97EB6D007EC517</string>
				<string>D0E8A9E51D97EB6D007EC517</string>
			</array>
			<key>isa</key>
			<string>PBXGroup</string>
			<key>path</key>
			<string>ImageSlideshow_framework</string>
			<key>sourceTree</key>
			<string>&lt;group&gt;</string>
		</dict>
		<key>D0E8A9E41D97EB6D007EC517</key>
		<dict>
			<key>isa</key>
			<string>PBXFileReference</string>
			<key>lastKnownFileType</key>
			<string>sourcecode.c.h</string>
			<key>path</key>
			<string>ImageSlideshow_framework.h</string>
			<key>sourceTree</key>
			<string>&lt;group&gt;</string>
		</dict>
		<key>D0E8A9E51D97EB6D007EC517</key>
		<dict>
			<key>isa</key>
			<string>PBXFileReference</string>
			<key>lastKnownFileType</key>
			<string>text.plist.xml</string>
			<key>path</key>
			<string>Info.plist</string>
			<key>sourceTree</key>
			<string>&lt;group&gt;</string>
		</dict>
		<key>D0E8A9E61D97EB6D007EC517</key>
		<dict>
			<key>fileRef</key>
			<string>D0E8A9E41D97EB6D007EC517</string>
			<key>isa</key>
			<string>PBXBuildFile</string>
			<key>settings</key>
			<dict>
				<key>ATTRIBUTES</key>
				<array>
					<string>Public</string>
				</array>
			</dict>
		</dict>
		<key>D0E8A9E71D97EB6D007EC517</key>
		<dict>
			<key>buildSettings</key>
			<dict>
				<key>CLANG_ANALYZER_NONNULL</key>
				<string>YES</string>
				<key>CLANG_ENABLE_MODULES</key>
				<string>YES</string>
				<key>CLANG_WARN_DOCUMENTATION_COMMENTS</key>
				<string>YES</string>
				<key>CLANG_WARN_SUSPICIOUS_MOVES</key>
				<string>YES</string>
				<key>CODE_SIGN_IDENTITY</key>
				<string></string>
				<key>CURRENT_PROJECT_VERSION</key>
				<string>1</string>
				<key>DEBUG_INFORMATION_FORMAT</key>
				<string>dwarf</string>
				<key>DEFINES_MODULE</key>
				<string>YES</string>
				<key>DEVELOPMENT_TEAM</key>
				<string>5VWB99DS38</string>
				<key>DYLIB_COMPATIBILITY_VERSION</key>
				<string>1</string>
				<key>DYLIB_CURRENT_VERSION</key>
				<string>1</string>
				<key>DYLIB_INSTALL_NAME_BASE</key>
				<string>@rpath</string>
				<key>INFOPLIST_FILE</key>
				<string>ImageSlideshow_framework/Info.plist</string>
				<key>INSTALL_PATH</key>
				<string>$(LOCAL_LIBRARY_DIR)/Frameworks</string>
				<key>IPHONEOS_DEPLOYMENT_TARGET</key>
				<string>8.0</string>
				<key>LD_RUNPATH_SEARCH_PATHS</key>
				<string>$(inherited) @executable_path/Frameworks @loader_path/Frameworks</string>
				<key>PRODUCT_BUNDLE_IDENTIFIER</key>
				<string>io.zvo.ImageSlideshow-framework</string>
				<key>PRODUCT_NAME</key>
				<string>ImageSlideshow</string>
				<key>SKIP_INSTALL</key>
				<string>YES</string>
				<key>SWIFT_ACTIVE_COMPILATION_CONDITIONS</key>
				<string>DEBUG</string>
				<key>SWIFT_OPTIMIZATION_LEVEL</key>
				<string>-Onone</string>
				<key>SWIFT_VERSION</key>
				<string>3.0</string>
				<key>TARGETED_DEVICE_FAMILY</key>
				<string>1,2</string>
				<key>VERSIONING_SYSTEM</key>
				<string>apple-generic</string>
				<key>VERSION_INFO_PREFIX</key>
				<string></string>
			</dict>
			<key>isa</key>
			<string>XCBuildConfiguration</string>
			<key>name</key>
			<string>Debug</string>
		</dict>
		<key>D0E8A9E81D97EB6D007EC517</key>
		<dict>
			<key>buildSettings</key>
			<dict>
				<key>CLANG_ANALYZER_NONNULL</key>
				<string>YES</string>
				<key>CLANG_ENABLE_MODULES</key>
				<string>YES</string>
				<key>CLANG_WARN_DOCUMENTATION_COMMENTS</key>
				<string>YES</string>
				<key>CLANG_WARN_SUSPICIOUS_MOVES</key>
				<string>YES</string>
				<key>CODE_SIGN_IDENTITY</key>
				<string></string>
				<key>CURRENT_PROJECT_VERSION</key>
				<string>1</string>
				<key>DEFINES_MODULE</key>
				<string>YES</string>
				<key>DEVELOPMENT_TEAM</key>
				<string>5VWB99DS38</string>
				<key>DYLIB_COMPATIBILITY_VERSION</key>
				<string>1</string>
				<key>DYLIB_CURRENT_VERSION</key>
				<string>1</string>
				<key>DYLIB_INSTALL_NAME_BASE</key>
				<string>@rpath</string>
				<key>INFOPLIST_FILE</key>
				<string>ImageSlideshow_framework/Info.plist</string>
				<key>INSTALL_PATH</key>
				<string>$(LOCAL_LIBRARY_DIR)/Frameworks</string>
				<key>IPHONEOS_DEPLOYMENT_TARGET</key>
				<string>8.0</string>
				<key>LD_RUNPATH_SEARCH_PATHS</key>
				<string>$(inherited) @executable_path/Frameworks @loader_path/Frameworks</string>
				<key>PRODUCT_BUNDLE_IDENTIFIER</key>
				<string>io.zvo.ImageSlideshow-framework</string>
				<key>PRODUCT_NAME</key>
				<string>ImageSlideshow</string>
				<key>SKIP_INSTALL</key>
				<string>YES</string>
				<key>SWIFT_VERSION</key>
				<string>3.0</string>
				<key>TARGETED_DEVICE_FAMILY</key>
				<string>1,2</string>
				<key>VERSIONING_SYSTEM</key>
				<string>apple-generic</string>
				<key>VERSION_INFO_PREFIX</key>
				<string></string>
			</dict>
			<key>isa</key>
			<string>XCBuildConfiguration</string>
			<key>name</key>
			<string>Release</string>
		</dict>
		<key>D0E8A9E91D97EB6D007EC517</key>
		<dict>
			<key>buildConfigurations</key>
			<array>
				<string>D0E8A9E71D97EB6D007EC517</string>
				<string>D0E8A9E81D97EB6D007EC517</string>
			</array>
			<key>defaultConfigurationIsVisible</key>
			<string>0</string>
			<key>isa</key>
			<string>XCConfigurationList</string>
		</dict>
		<key>D0E8A9EA1D97EB94007EC517</key>
		<dict>
			<key>fileEncoding</key>
			<string>4</string>
			<key>isa</key>
			<string>PBXFileReference</string>
			<key>lastKnownFileType</key>
			<string>sourcecode.swift</string>
			<key>name</key>
			<string>FullScreenSlideshowViewController.swift</string>
			<key>path</key>
			<string>../../Pod/Classes/Core/FullScreenSlideshowViewController.swift</string>
			<key>sourceTree</key>
			<string>&lt;group&gt;</string>
		</dict>
		<key>D0E8A9EB1D97EB94007EC517</key>
		<dict>
			<key>fileEncoding</key>
			<string>4</string>
			<key>isa</key>
			<string>PBXFileReference</string>
			<key>lastKnownFileType</key>
			<string>sourcecode.swift</string>
			<key>name</key>
			<string>ImageSlideshow.swift</string>
			<key>path</key>
			<string>../../Pod/Classes/Core/ImageSlideshow.swift</string>
			<key>sourceTree</key>
			<string>&lt;group&gt;</string>
		</dict>
		<key>D0E8A9EC1D97EB94007EC517</key>
		<dict>
			<key>fileEncoding</key>
			<string>4</string>
			<key>isa</key>
			<string>PBXFileReference</string>
			<key>lastKnownFileType</key>
			<string>sourcecode.swift</string>
			<key>name</key>
			<string>ImageSlideshowItem.swift</string>
			<key>path</key>
			<string>../../Pod/Classes/Core/ImageSlideshowItem.swift</string>
			<key>sourceTree</key>
			<string>&lt;group&gt;</string>
		</dict>
		<key>D0E8A9ED1D97EB94007EC517</key>
		<dict>
			<key>fileEncoding</key>
			<string>4</string>
			<key>isa</key>
			<string>PBXFileReference</string>
			<key>lastKnownFileType</key>
			<string>sourcecode.swift</string>
			<key>name</key>
			<string>InputSource.swift</string>
			<key>path</key>
			<string>../../Pod/Classes/Core/InputSource.swift</string>
			<key>sourceTree</key>
			<string>&lt;group&gt;</string>
		</dict>
		<key>D0E8A9EE1D97EB94007EC517</key>
		<dict>
			<key>fileEncoding</key>
			<string>4</string>
			<key>isa</key>
			<string>PBXFileReference</string>
			<key>lastKnownFileType</key>
			<string>sourcecode.swift</string>
			<key>name</key>
			<string>UIImage+AspectFit.swift</string>
			<key>path</key>
			<string>../../Pod/Classes/Core/UIImage+AspectFit.swift</string>
			<key>sourceTree</key>
			<string>&lt;group&gt;</string>
		</dict>
		<key>D0E8A9EF1D97EB94007EC517</key>
		<dict>
			<key>fileEncoding</key>
			<string>4</string>
			<key>isa</key>
			<string>PBXFileReference</string>
			<key>lastKnownFileType</key>
			<string>sourcecode.swift</string>
			<key>name</key>
			<string>UIImageView+Tools.swift</string>
			<key>path</key>
			<string>../../Pod/Classes/Core/UIImageView+Tools.swift</string>
			<key>sourceTree</key>
			<string>&lt;group&gt;</string>
		</dict>
		<key>D0E8A9F01D97EB94007EC517</key>
		<dict>
			<key>fileEncoding</key>
			<string>4</string>
			<key>isa</key>
			<string>PBXFileReference</string>
			<key>lastKnownFileType</key>
			<string>sourcecode.swift</string>
			<key>name</key>
			<string>ZoomAnimatedTransitioning.swift</string>
			<key>path</key>
			<string>../../Pod/Classes/Core/ZoomAnimatedTransitioning.swift</string>
			<key>sourceTree</key>
			<string>&lt;group&gt;</string>
		</dict>
		<key>D0E8A9F11D97EB94007EC517</key>
		<dict>
			<key>fileRef</key>
			<string>D0E8A9EA1D97EB94007EC517</string>
			<key>isa</key>
			<string>PBXBuildFile</string>
		</dict>
		<key>D0E8A9F21D97EB94007EC517</key>
		<dict>
			<key>fileRef</key>
			<string>D0E8A9EB1D97EB94007EC517</string>
			<key>isa</key>
			<string>PBXBuildFile</string>
		</dict>
		<key>D0E8A9F31D97EB94007EC517</key>
		<dict>
			<key>fileRef</key>
			<string>D0E8A9EC1D97EB94007EC517</string>
			<key>isa</key>
			<string>PBXBuildFile</string>
		</dict>
		<key>D0E8A9F41D97EB94007EC517</key>
		<dict>
			<key>fileRef</key>
			<string>D0E8A9ED1D97EB94007EC517</string>
			<key>isa</key>
			<string>PBXBuildFile</string>
		</dict>
		<key>D0E8A9F51D97EB94007EC517</key>
		<dict>
			<key>fileRef</key>
			<string>D0E8A9EE1D97EB94007EC517</string>
			<key>isa</key>
			<string>PBXBuildFile</string>
		</dict>
		<key>D0E8A9F61D97EB94007EC517</key>
		<dict>
			<key>fileRef</key>
			<string>D0E8A9EF1D97EB94007EC517</string>
			<key>isa</key>
			<string>PBXBuildFile</string>
		</dict>
		<key>D0E8A9F71D97EB94007EC517</key>
		<dict>
			<key>fileRef</key>
			<string>D0E8A9F01D97EB94007EC517</string>
			<key>isa</key>
			<string>PBXBuildFile</string>
		</dict>
		<key>FD45C56C18E7B8EC08371B86</key>
		<dict>
			<key>includeInIndex</key>
			<string>1</string>
			<key>isa</key>
			<string>PBXFileReference</string>
			<key>lastKnownFileType</key>
			<string>text.xcconfig</string>
			<key>name</key>
			<string>Pods-ImageSlideshow_Example.debug.xcconfig</string>
			<key>path</key>
			<string>Pods/Target Support Files/Pods-ImageSlideshow_Example/Pods-ImageSlideshow_Example.debug.xcconfig</string>
			<key>sourceTree</key>
			<string>&lt;group&gt;</string>
		</dict>
	</dict>
	<key>rootObject</key>
	<string>607FACC81AFB9204008FA782</string>
</dict>
</plist>
