// !$*UTF8*$!
{
	archiveVersion = 1;
	classes = {
	};
	objectVersion = 46;
	objects = {

/* Begin PBXBuildFile section */
		43F0FAD42568BAEB008FFD39 /* Bundle+Module.swift in Sources */ = {isa = PBXBuildFile; fileRef = 43F0FAD32568BAEB008FFD39 /* Bundle+Module.swift */; };
		48A9DE9233FBEA3CF63A8E54 /* Pods_ImageSlideshow_Example.framework in Frameworks */ = {isa = PBXBuildFile; fileRef = 8AA07A6EDAC622F1407E6C80 /* Pods_ImageSlideshow_Example.framework */; };
		607FACD61AFB9204008FA782 /* AppDelegate.swift in Sources */ = {isa = PBXBuildFile; fileRef = 607FACD51AFB9204008FA782 /* AppDelegate.swift */; };
		607FACD81AFB9204008FA782 /* ViewController.swift in Sources */ = {isa = PBXBuildFile; fileRef = 607FACD71AFB9204008FA782 /* ViewController.swift */; };
		607FACDB1AFB9204008FA782 /* Main.storyboard in Resources */ = {isa = PBXBuildFile; fileRef = 607FACD91AFB9204008FA782 /* Main.storyboard */; };
		607FACDD1AFB9204008FA782 /* Images.xcassets in Resources */ = {isa = PBXBuildFile; fileRef = 607FACDC1AFB9204008FA782 /* Images.xcassets */; };
		607FACE01AFB9204008FA782 /* LaunchScreen.xib in Resources */ = {isa = PBXBuildFile; fileRef = 607FACDE1AFB9204008FA782 /* LaunchScreen.xib */; };
		607FACEC1AFB9204008FA782 /* Tests.swift in Sources */ = {isa = PBXBuildFile; fileRef = 607FACEB1AFB9204008FA782 /* Tests.swift */; };
		D007954F2043262C0053E25F /* TableViewController.swift in Sources */ = {isa = PBXBuildFile; fileRef = D007954E2043262C0053E25F /* TableViewController.swift */; };
		D0083DCE1EB739E700126B21 /* ActivityIndicator.swift in Sources */ = {isa = PBXBuildFile; fileRef = D0083DCD1EB739E700126B21 /* ActivityIndicator.swift */; };
		D00C7A2720B4C0A100E5725B /* ic_cross_white@3x.png in Resources */ = {isa = PBXBuildFile; fileRef = D00C7A2520B4C0A000E5725B /* ic_cross_white@3x.png */; };
		D00C7A2820B4C0A100E5725B /* ic_cross_white@2x.png in Resources */ = {isa = PBXBuildFile; fileRef = D00C7A2620B4C0A100E5725B /* ic_cross_white@2x.png */; };
		D0B974B0202738F6006217CF /* PageIndicator.swift in Sources */ = {isa = PBXBuildFile; fileRef = D0B974AF202738F6006217CF /* PageIndicator.swift */; };
		D0E8A9E61D97EB6D007EC517 /* ImageSlideshow_framework.h in Headers */ = {isa = PBXBuildFile; fileRef = D0E8A9E41D97EB6D007EC517 /* ImageSlideshow_framework.h */; settings = {ATTRIBUTES = (Public, ); }; };
		D0E8A9F11D97EB94007EC517 /* FullScreenSlideshowViewController.swift in Sources */ = {isa = PBXBuildFile; fileRef = D0E8A9EA1D97EB94007EC517 /* FullScreenSlideshowViewController.swift */; };
		D0E8A9F21D97EB94007EC517 /* ImageSlideshow.swift in Sources */ = {isa = PBXBuildFile; fileRef = D0E8A9EB1D97EB94007EC517 /* ImageSlideshow.swift */; };
		D0E8A9F31D97EB94007EC517 /* ImageSlideshowItem.swift in Sources */ = {isa = PBXBuildFile; fileRef = D0E8A9EC1D97EB94007EC517 /* ImageSlideshowItem.swift */; };
		D0E8A9F41D97EB94007EC517 /* InputSource.swift in Sources */ = {isa = PBXBuildFile; fileRef = D0E8A9ED1D97EB94007EC517 /* InputSource.swift */; };
		D0E8A9F51D97EB94007EC517 /* UIImage+AspectFit.swift in Sources */ = {isa = PBXBuildFile; fileRef = D0E8A9EE1D97EB94007EC517 /* UIImage+AspectFit.swift */; };
		D0E8A9F61D97EB94007EC517 /* UIImageView+Tools.swift in Sources */ = {isa = PBXBuildFile; fileRef = D0E8A9EF1D97EB94007EC517 /* UIImageView+Tools.swift */; };
		D0E8A9F71D97EB94007EC517 /* ZoomAnimatedTransitioning.swift in Sources */ = {isa = PBXBuildFile; fileRef = D0E8A9F01D97EB94007EC517 /* ZoomAnimatedTransitioning.swift */; };
		F539204C210F03610057EFB3 /* SwiftSupport.swift in Sources */ = {isa = PBXBuildFile; fileRef = F539204B210F03600057EFB3 /* SwiftSupport.swift */; };
		F802998F20CE9EA7009D64DD /* PageIndicatorPosition.swift in Sources */ = {isa = PBXBuildFile; fileRef = F802998E20CE9EA7009D64DD /* PageIndicatorPosition.swift */; };
		F802999020CE9EA7009D64DD /* PageIndicatorPosition.swift in Sources */ = {isa = PBXBuildFile; fileRef = F802998E20CE9EA7009D64DD /* PageIndicatorPosition.swift */; };
		F802999120CE9EA7009D64DD /* PageIndicatorPosition.swift in Sources */ = {isa = PBXBuildFile; fileRef = F802998E20CE9EA7009D64DD /* PageIndicatorPosition.swift */; };
/* End PBXBuildFile section */

/* Begin PBXContainerItemProxy section */
		607FACE61AFB9204008FA782 /* PBXContainerItemProxy */ = {
			isa = PBXContainerItemProxy;
			containerPortal = 607FACC81AFB9204008FA782 /* Project object */;
			proxyType = 1;
			remoteGlobalIDString = 607FACCF1AFB9204008FA782;
			remoteInfo = ImageSlideshow;
		};
/* End PBXContainerItemProxy section */

/* Begin PBXFileReference section */
		09417F1351C21E0DCE8667BE /* Pods-ImageSlideshow_Example.release.xcconfig */ = {isa = PBXFileReference; includeInIndex = 1; lastKnownFileType = text.xcconfig; name = "Pods-ImageSlideshow_Example.release.xcconfig"; path = "Pods/Target Support Files/Pods-ImageSlideshow_Example/Pods-ImageSlideshow_Example.release.xcconfig"; sourceTree = "<group>"; };
		1C4985EDB005E63A830176CE /* README.md */ = {isa = PBXFileReference; includeInIndex = 1; lastKnownFileType = net.daringfireball.markdown; name = README.md; path = ../README.md; sourceTree = "<group>"; };
		43F0FAD32568BAEB008FFD39 /* Bundle+Module.swift */ = {isa = PBXFileReference; fileEncoding = 4; lastKnownFileType = sourcecode.swift; name = "Bundle+Module.swift"; path = "../../ImageSlideshow/Classes/Core/Bundle+Module.swift"; sourceTree = "<group>"; };
		5FD91AF3667236846934E8B9 /* LICENSE */ = {isa = PBXFileReference; includeInIndex = 1; lastKnownFileType = text; name = LICENSE; path = ../LICENSE; sourceTree = "<group>"; };
		607FACD01AFB9204008FA782 /* ImageSlideshow_Example.app */ = {isa = PBXFileReference; explicitFileType = wrapper.application; includeInIndex = 0; path = ImageSlideshow_Example.app; sourceTree = BUILT_PRODUCTS_DIR; };
		607FACD41AFB9204008FA782 /* Info.plist */ = {isa = PBXFileReference; lastKnownFileType = text.plist.xml; path = Info.plist; sourceTree = "<group>"; };
		607FACD51AFB9204008FA782 /* AppDelegate.swift */ = {isa = PBXFileReference; lastKnownFileType = sourcecode.swift; path = AppDelegate.swift; sourceTree = "<group>"; };
		607FACD71AFB9204008FA782 /* ViewController.swift */ = {isa = PBXFileReference; lastKnownFileType = sourcecode.swift; path = ViewController.swift; sourceTree = "<group>"; };
		607FACDA1AFB9204008FA782 /* Base */ = {isa = PBXFileReference; lastKnownFileType = file.storyboard; name = Base; path = Base.lproj/Main.storyboard; sourceTree = "<group>"; };
		607FACDC1AFB9204008FA782 /* Images.xcassets */ = {isa = PBXFileReference; lastKnownFileType = folder.assetcatalog; path = Images.xcassets; sourceTree = "<group>"; };
		607FACDF1AFB9204008FA782 /* Base */ = {isa = PBXFileReference; lastKnownFileType = file.xib; name = Base; path = Base.lproj/LaunchScreen.xib; sourceTree = "<group>"; };
		607FACE51AFB9204008FA782 /* ImageSlideshow_Tests.xctest */ = {isa = PBXFileReference; explicitFileType = wrapper.cfbundle; includeInIndex = 0; path = ImageSlideshow_Tests.xctest; sourceTree = BUILT_PRODUCTS_DIR; };
		607FACEA1AFB9204008FA782 /* Info.plist */ = {isa = PBXFileReference; lastKnownFileType = text.plist.xml; path = Info.plist; sourceTree = "<group>"; };
		607FACEB1AFB9204008FA782 /* Tests.swift */ = {isa = PBXFileReference; lastKnownFileType = sourcecode.swift; path = Tests.swift; sourceTree = "<group>"; };
		749E212B852A3FE6757C1D36 /* ImageSlideshow.podspec */ = {isa = PBXFileReference; includeInIndex = 1; lastKnownFileType = text; name = ImageSlideshow.podspec; path = ../ImageSlideshow.podspec; sourceTree = "<group>"; xcLanguageSpecificationIdentifier = xcode.lang.ruby; };
		8AA07A6EDAC622F1407E6C80 /* Pods_ImageSlideshow_Example.framework */ = {isa = PBXFileReference; explicitFileType = wrapper.framework; includeInIndex = 0; path = Pods_ImageSlideshow_Example.framework; sourceTree = BUILT_PRODUCTS_DIR; };
		D007954E2043262C0053E25F /* TableViewController.swift */ = {isa = PBXFileReference; lastKnownFileType = sourcecode.swift; path = TableViewController.swift; sourceTree = "<group>"; };
		D0083DCD1EB739E700126B21 /* ActivityIndicator.swift */ = {isa = PBXFileReference; fileEncoding = 4; lastKnownFileType = sourcecode.swift; name = ActivityIndicator.swift; path = ../../ImageSlideshow/Classes/Core/ActivityIndicator.swift; sourceTree = "<group>"; };
		D00C7A2520B4C0A000E5725B /* ic_cross_white@3x.png */ = {isa = PBXFileReference; lastKnownFileType = image.png; name = "ic_cross_white@3x.png"; path = "../../../ImageSlideshow/Assets/ic_cross_white@3x.png"; sourceTree = "<group>"; };
		D00C7A2620B4C0A100E5725B /* ic_cross_white@2x.png */ = {isa = PBXFileReference; lastKnownFileType = image.png; name = "ic_cross_white@2x.png"; path = "../../../ImageSlideshow/Assets/ic_cross_white@2x.png"; sourceTree = "<group>"; };
		D0B974AF202738F6006217CF /* PageIndicator.swift */ = {isa = PBXFileReference; fileEncoding = 4; lastKnownFileType = sourcecode.swift; name = PageIndicator.swift; path = ../../ImageSlideshow/Classes/Core/PageIndicator.swift; sourceTree = "<group>"; };
		D0E8A9E21D97EB6D007EC517 /* ImageSlideshow.framework */ = {isa = PBXFileReference; explicitFileType = wrapper.framework; includeInIndex = 0; path = ImageSlideshow.framework; sourceTree = BUILT_PRODUCTS_DIR; };
		D0E8A9E41D97EB6D007EC517 /* ImageSlideshow_framework.h */ = {isa = PBXFileReference; lastKnownFileType = sourcecode.c.h; path = ImageSlideshow_framework.h; sourceTree = "<group>"; };
		D0E8A9E51D97EB6D007EC517 /* Info.plist */ = {isa = PBXFileReference; lastKnownFileType = text.plist.xml; path = Info.plist; sourceTree = "<group>"; };
		D0E8A9EA1D97EB94007EC517 /* FullScreenSlideshowViewController.swift */ = {isa = PBXFileReference; fileEncoding = 4; lastKnownFileType = sourcecode.swift; name = FullScreenSlideshowViewController.swift; path = ../../ImageSlideshow/Classes/Core/FullScreenSlideshowViewController.swift; sourceTree = "<group>"; };
		D0E8A9EB1D97EB94007EC517 /* ImageSlideshow.swift */ = {isa = PBXFileReference; fileEncoding = 4; lastKnownFileType = sourcecode.swift; name = ImageSlideshow.swift; path = ../../ImageSlideshow/Classes/Core/ImageSlideshow.swift; sourceTree = "<group>"; };
		D0E8A9EC1D97EB94007EC517 /* ImageSlideshowItem.swift */ = {isa = PBXFileReference; fileEncoding = 4; lastKnownFileType = sourcecode.swift; name = ImageSlideshowItem.swift; path = ../../ImageSlideshow/Classes/Core/ImageSlideshowItem.swift; sourceTree = "<group>"; };
		D0E8A9ED1D97EB94007EC517 /* InputSource.swift */ = {isa = PBXFileReference; fileEncoding = 4; lastKnownFileType = sourcecode.swift; name = InputSource.swift; path = ../../ImageSlideshow/Classes/Core/InputSource.swift; sourceTree = "<group>"; };
		D0E8A9EE1D97EB94007EC517 /* UIImage+AspectFit.swift */ = {isa = PBXFileReference; fileEncoding = 4; lastKnownFileType = sourcecode.swift; name = "UIImage+AspectFit.swift"; path = "../../ImageSlideshow/Classes/Core/UIImage+AspectFit.swift"; sourceTree = "<group>"; };
		D0E8A9EF1D97EB94007EC517 /* UIImageView+Tools.swift */ = {isa = PBXFileReference; fileEncoding = 4; lastKnownFileType = sourcecode.swift; name = "UIImageView+Tools.swift"; path = "../../ImageSlideshow/Classes/Core/UIImageView+Tools.swift"; sourceTree = "<group>"; };
		D0E8A9F01D97EB94007EC517 /* ZoomAnimatedTransitioning.swift */ = {isa = PBXFileReference; fileEncoding = 4; lastKnownFileType = sourcecode.swift; name = ZoomAnimatedTransitioning.swift; path = ../../ImageSlideshow/Classes/Core/ZoomAnimatedTransitioning.swift; sourceTree = "<group>"; };
		F539204B210F03600057EFB3 /* SwiftSupport.swift */ = {isa = PBXFileReference; fileEncoding = 4; lastKnownFileType = sourcecode.swift; name = SwiftSupport.swift; path = ../../ImageSlideshow/Classes/Core/SwiftSupport.swift; sourceTree = "<group>"; };
		F802998E20CE9EA7009D64DD /* PageIndicatorPosition.swift */ = {isa = PBXFileReference; fileEncoding = 4; lastKnownFileType = sourcecode.swift; name = PageIndicatorPosition.swift; path = ../../ImageSlideshow/Classes/Core/PageIndicatorPosition.swift; sourceTree = "<group>"; };
		FD45C56C18E7B8EC08371B86 /* Pods-ImageSlideshow_Example.debug.xcconfig */ = {isa = PBXFileReference; includeInIndex = 1; lastKnownFileType = text.xcconfig; name = "Pods-ImageSlideshow_Example.debug.xcconfig"; path = "Pods/Target Support Files/Pods-ImageSlideshow_Example/Pods-ImageSlideshow_Example.debug.xcconfig"; sourceTree = "<group>"; };
/* End PBXFileReference section */

/* Begin PBXFrameworksBuildPhase section */
		607FACCD1AFB9204008FA782 /* Frameworks */ = {
			isa = PBXFrameworksBuildPhase;
			buildActionMask = 2147483647;
			files = (
				48A9DE9233FBEA3CF63A8E54 /* Pods_ImageSlideshow_Example.framework in Frameworks */,
			);
			runOnlyForDeploymentPostprocessing = 0;
		};
		607FACE21AFB9204008FA782 /* Frameworks */ = {
			isa = PBXFrameworksBuildPhase;
			buildActionMask = 2147483647;
			files = (
			);
			runOnlyForDeploymentPostprocessing = 0;
		};
		D0E8A9DE1D97EB6D007EC517 /* Frameworks */ = {
			isa = PBXFrameworksBuildPhase;
			buildActionMask = 2147483647;
			files = (
			);
			runOnlyForDeploymentPostprocessing = 0;
		};
/* End PBXFrameworksBuildPhase section */

/* Begin PBXGroup section */
		607FACC71AFB9204008FA782 = {
			isa = PBXGroup;
			children = (
				607FACF51AFB993E008FA782 /* Podspec Metadata */,
				607FACD21AFB9204008FA782 /* Example for ImageSlideshow */,
				607FACE81AFB9204008FA782 /* Tests */,
				D0E8A9E31D97EB6D007EC517 /* ImageSlideshow_framework */,
				607FACD11AFB9204008FA782 /* Products */,
				67EF8AB7524DB4FF7F66A17E /* Pods */,
				88C40B0495D05599E2889C22 /* Frameworks */,
			);
			sourceTree = "<group>";
		};
		607FACD11AFB9204008FA782 /* Products */ = {
			isa = PBXGroup;
			children = (
				607FACD01AFB9204008FA782 /* ImageSlideshow_Example.app */,
				607FACE51AFB9204008FA782 /* ImageSlideshow_Tests.xctest */,
				D0E8A9E21D97EB6D007EC517 /* ImageSlideshow.framework */,
			);
			name = Products;
			sourceTree = "<group>";
		};
		607FACD21AFB9204008FA782 /* Example for ImageSlideshow */ = {
			isa = PBXGroup;
			children = (
				607FACD51AFB9204008FA782 /* AppDelegate.swift */,
				607FACD71AFB9204008FA782 /* ViewController.swift */,
				D007954E2043262C0053E25F /* TableViewController.swift */,
				607FACD91AFB9204008FA782 /* Main.storyboard */,
				607FACDC1AFB9204008FA782 /* Images.xcassets */,
				607FACDE1AFB9204008FA782 /* LaunchScreen.xib */,
				607FACD31AFB9204008FA782 /* Supporting Files */,
			);
			name = "Example for ImageSlideshow";
			path = ImageSlideshow;
			sourceTree = "<group>";
		};
		607FACD31AFB9204008FA782 /* Supporting Files */ = {
			isa = PBXGroup;
			children = (
				607FACD41AFB9204008FA782 /* Info.plist */,
			);
			name = "Supporting Files";
			sourceTree = "<group>";
		};
		607FACE81AFB9204008FA782 /* Tests */ = {
			isa = PBXGroup;
			children = (
				607FACEB1AFB9204008FA782 /* Tests.swift */,
				607FACE91AFB9204008FA782 /* Supporting Files */,
			);
			path = Tests;
			sourceTree = "<group>";
		};
		607FACE91AFB9204008FA782 /* Supporting Files */ = {
			isa = PBXGroup;
			children = (
				607FACEA1AFB9204008FA782 /* Info.plist */,
			);
			name = "Supporting Files";
			sourceTree = "<group>";
		};
		607FACF51AFB993E008FA782 /* Podspec Metadata */ = {
			isa = PBXGroup;
			children = (
				749E212B852A3FE6757C1D36 /* ImageSlideshow.podspec */,
				1C4985EDB005E63A830176CE /* README.md */,
				5FD91AF3667236846934E8B9 /* LICENSE */,
			);
			name = "Podspec Metadata";
			sourceTree = "<group>";
		};
		67EF8AB7524DB4FF7F66A17E /* Pods */ = {
			isa = PBXGroup;
			children = (
				FD45C56C18E7B8EC08371B86 /* Pods-ImageSlideshow_Example.debug.xcconfig */,
				09417F1351C21E0DCE8667BE /* Pods-ImageSlideshow_Example.release.xcconfig */,
			);
			name = Pods;
			sourceTree = "<group>";
		};
		88C40B0495D05599E2889C22 /* Frameworks */ = {
			isa = PBXGroup;
			children = (
				8AA07A6EDAC622F1407E6C80 /* Pods_ImageSlideshow_Example.framework */,
			);
			name = Frameworks;
			sourceTree = "<group>";
		};
		D00C7A2420B4C05C00E5725B /* Resources */ = {
			isa = PBXGroup;
			children = (
				D00C7A2620B4C0A100E5725B /* ic_cross_white@2x.png */,
				D00C7A2520B4C0A000E5725B /* ic_cross_white@3x.png */,
			);
			path = Resources;
			sourceTree = "<group>";
		};
		D0E8A9E31D97EB6D007EC517 /* ImageSlideshow_framework */ = {
			isa = PBXGroup;
			children = (
				D0083DCD1EB739E700126B21 /* ActivityIndicator.swift */,
				43F0FAD32568BAEB008FFD39 /* Bundle+Module.swift */,
				D0E8A9EA1D97EB94007EC517 /* FullScreenSlideshowViewController.swift */,
				D0E8A9E41D97EB6D007EC517 /* ImageSlideshow_framework.h */,
				D0E8A9EB1D97EB94007EC517 /* ImageSlideshow.swift */,
				D0E8A9EC1D97EB94007EC517 /* ImageSlideshowItem.swift */,
				D0E8A9E51D97EB6D007EC517 /* Info.plist */,
				D0E8A9ED1D97EB94007EC517 /* InputSource.swift */,
				D0B974AF202738F6006217CF /* PageIndicator.swift */,
				F802998E20CE9EA7009D64DD /* PageIndicatorPosition.swift */,
				D00C7A2420B4C05C00E5725B /* Resources */,
				F539204B210F03600057EFB3 /* SwiftSupport.swift */,
				D0E8A9EE1D97EB94007EC517 /* UIImage+AspectFit.swift */,
				D0E8A9EF1D97EB94007EC517 /* UIImageView+Tools.swift */,
				D0E8A9F01D97EB94007EC517 /* ZoomAnimatedTransitioning.swift */,
			);
			path = ImageSlideshow_framework;
			sourceTree = "<group>";
		};
/* End PBXGroup section */

/* Begin PBXHeadersBuildPhase section */
		D0E8A9DF1D97EB6D007EC517 /* Headers */ = {
			isa = PBXHeadersBuildPhase;
			buildActionMask = 2147483647;
			files = (
				D0E8A9E61D97EB6D007EC517 /* ImageSlideshow_framework.h in Headers */,
			);
			runOnlyForDeploymentPostprocessing = 0;
		};
/* End PBXHeadersBuildPhase section */

/* Begin PBXNativeTarget section */
		607FACCF1AFB9204008FA782 /* ImageSlideshow_Example */ = {
			isa = PBXNativeTarget;
			buildConfigurationList = 607FACEF1AFB9204008FA782 /* Build configuration list for PBXNativeTarget "ImageSlideshow_Example" */;
			buildPhases = (
				C32710DF8FE75A6D757948CC /* [CP] Check Pods Manifest.lock */,
				607FACCC1AFB9204008FA782 /* Sources */,
				607FACCD1AFB9204008FA782 /* Frameworks */,
				607FACCE1AFB9204008FA782 /* Resources */,
				7EF425DA4D49DBDDA22C665D /* [CP] Embed Pods Frameworks */,
			);
			buildRules = (
			);
			dependencies = (
			);
			name = ImageSlideshow_Example;
			productName = ImageSlideshow;
			productReference = 607FACD01AFB9204008FA782 /* ImageSlideshow_Example.app */;
			productType = "com.apple.product-type.application";
		};
		607FACE41AFB9204008FA782 /* ImageSlideshow_Tests */ = {
			isa = PBXNativeTarget;
			buildConfigurationList = 607FACF21AFB9204008FA782 /* Build configuration list for PBXNativeTarget "ImageSlideshow_Tests" */;
			buildPhases = (
				607FACE11AFB9204008FA782 /* Sources */,
				607FACE21AFB9204008FA782 /* Frameworks */,
				607FACE31AFB9204008FA782 /* Resources */,
			);
			buildRules = (
			);
			dependencies = (
				607FACE71AFB9204008FA782 /* PBXTargetDependency */,
			);
			name = ImageSlideshow_Tests;
			productName = Tests;
			productReference = 607FACE51AFB9204008FA782 /* ImageSlideshow_Tests.xctest */;
			productType = "com.apple.product-type.bundle.unit-test";
		};
		D0E8A9E11D97EB6D007EC517 /* ImageSlideshow_framework */ = {
			isa = PBXNativeTarget;
			buildConfigurationList = D0E8A9E91D97EB6D007EC517 /* Build configuration list for PBXNativeTarget "ImageSlideshow_framework" */;
			buildPhases = (
				D0E8A9DD1D97EB6D007EC517 /* Sources */,
				D0E8A9DE1D97EB6D007EC517 /* Frameworks */,
				D0E8A9DF1D97EB6D007EC517 /* Headers */,
				D0E8A9E01D97EB6D007EC517 /* Resources */,
			);
			buildRules = (
			);
			dependencies = (
			);
			name = ImageSlideshow_framework;
			productName = ImageSlideshow_framework;
			productReference = D0E8A9E21D97EB6D007EC517 /* ImageSlideshow.framework */;
			productType = "com.apple.product-type.framework";
		};
/* End PBXNativeTarget section */

/* Begin PBXProject section */
		607FACC81AFB9204008FA782 /* Project object */ = {
			isa = PBXProject;
			attributes = {
				LastSwiftMigration = 0700;
				LastSwiftUpdateCheck = 0700;
				LastUpgradeCheck = 0940;
				ORGANIZATIONNAME = CocoaPods;
				TargetAttributes = {
					607FACCF1AFB9204008FA782 = {
						CreatedOnToolsVersion = 6.3.1;
						DevelopmentTeam = 5VWB99DS38;
						LastSwiftMigration = 1020;
					};
					607FACE41AFB9204008FA782 = {
						CreatedOnToolsVersion = 6.3.1;
						DevelopmentTeam = 5VWB99DS38;
						LastSwiftMigration = 1020;
						TestTargetID = 607FACCF1AFB9204008FA782;
					};
					D0E8A9E11D97EB6D007EC517 = {
						CreatedOnToolsVersion = 8.0;
						DevelopmentTeam = 9X4J83EL7M;
						LastSwiftMigration = 0800;
						ProvisioningStyle = Automatic;
					};
				};
			};
			buildConfigurationList = 607FACCB1AFB9204008FA782 /* Build configuration list for PBXProject "ImageSlideshow" */;
			compatibilityVersion = "Xcode 3.2";
			developmentRegion = English;
			hasScannedForEncodings = 0;
			knownRegions = (
				English,
				en,
				Base,
			);
			mainGroup = 607FACC71AFB9204008FA782;
			productRefGroup = 607FACD11AFB9204008FA782 /* Products */;
			projectDirPath = "";
			projectRoot = "";
			targets = (
				607FACCF1AFB9204008FA782 /* ImageSlideshow_Example */,
				607FACE41AFB9204008FA782 /* ImageSlideshow_Tests */,
				D0E8A9E11D97EB6D007EC517 /* ImageSlideshow_framework */,
			);
		};
/* End PBXProject section */

/* Begin PBXResourcesBuildPhase section */
		607FACCE1AFB9204008FA782 /* Resources */ = {
			isa = PBXResourcesBuildPhase;
			buildActionMask = 2147483647;
			files = (
				607FACDB1AFB9204008FA782 /* Main.storyboard in Resources */,
				607FACE01AFB9204008FA782 /* LaunchScreen.xib in Resources */,
				607FACDD1AFB9204008FA782 /* Images.xcassets in Resources */,
			);
			runOnlyForDeploymentPostprocessing = 0;
		};
		607FACE31AFB9204008FA782 /* Resources */ = {
			isa = PBXResourcesBuildPhase;
			buildActionMask = 2147483647;
			files = (
			);
			runOnlyForDeploymentPostprocessing = 0;
		};
		D0E8A9E01D97EB6D007EC517 /* Resources */ = {
			isa = PBXResourcesBuildPhase;
			buildActionMask = 2147483647;
			files = (
				D00C7A2720B4C0A100E5725B /* ic_cross_white@3x.png in Resources */,
				D00C7A2820B4C0A100E5725B /* ic_cross_white@2x.png in Resources */,
			);
			runOnlyForDeploymentPostprocessing = 0;
		};
/* End PBXResourcesBuildPhase section */

/* Begin PBXShellScriptBuildPhase section */
		7EF425DA4D49DBDDA22C665D /* [CP] Embed Pods Frameworks */ = {
			isa = PBXShellScriptBuildPhase;
			buildActionMask = 2147483647;
			files = (
			);
			inputPaths = (
				"${PODS_ROOT}/Target Support Files/Pods-ImageSlideshow_Example/Pods-ImageSlideshow_Example-frameworks.sh",
				"${BUILT_PRODUCTS_DIR}/AFNetworking/AFNetworking.framework",
				"${BUILT_PRODUCTS_DIR}/Alamofire/Alamofire.framework",
				"${BUILT_PRODUCTS_DIR}/AlamofireImage/AlamofireImage.framework",
				"${BUILT_PRODUCTS_DIR}/ImageSlideshow/ImageSlideshow.framework",
				"${BUILT_PRODUCTS_DIR}/Kingfisher/Kingfisher.framework",
				"${BUILT_PRODUCTS_DIR}/SDWebImage/SDWebImage.framework",
			);
			name = "[CP] Embed Pods Frameworks";
			outputPaths = (
				"${TARGET_BUILD_DIR}/${FRAMEWORKS_FOLDER_PATH}/AFNetworking.framework",
				"${TARGET_BUILD_DIR}/${FRAMEWORKS_FOLDER_PATH}/Alamofire.framework",
				"${TARGET_BUILD_DIR}/${FRAMEWORKS_FOLDER_PATH}/AlamofireImage.framework",
				"${TARGET_BUILD_DIR}/${FRAMEWORKS_FOLDER_PATH}/ImageSlideshow.framework",
				"${TARGET_BUILD_DIR}/${FRAMEWORKS_FOLDER_PATH}/Kingfisher.framework",
				"${TARGET_BUILD_DIR}/${FRAMEWORKS_FOLDER_PATH}/SDWebImage.framework",
			);
			runOnlyForDeploymentPostprocessing = 0;
			shellPath = /bin/sh;
			shellScript = "\"${PODS_ROOT}/Target Support Files/Pods-ImageSlideshow_Example/Pods-ImageSlideshow_Example-frameworks.sh\"\n";
			showEnvVarsInLog = 0;
		};
		C32710DF8FE75A6D757948CC /* [CP] Check Pods Manifest.lock */ = {
			isa = PBXShellScriptBuildPhase;
			buildActionMask = 2147483647;
			files = (
			);
			inputPaths = (
				"${PODS_PODFILE_DIR_PATH}/Podfile.lock",
				"${PODS_ROOT}/Manifest.lock",
			);
			name = "[CP] Check Pods Manifest.lock";
			outputPaths = (
				"$(DERIVED_FILE_DIR)/Pods-ImageSlideshow_Example-checkManifestLockResult.txt",
			);
			runOnlyForDeploymentPostprocessing = 0;
			shellPath = /bin/sh;
			shellScript = "diff \"${PODS_PODFILE_DIR_PATH}/Podfile.lock\" \"${PODS_ROOT}/Manifest.lock\" > /dev/null\nif [ $? != 0 ] ; then\n    # print error to STDERR\n    echo \"error: The sandbox is not in sync with the Podfile.lock. Run 'pod install' or update your CocoaPods installation.\" >&2\n    exit 1\nfi\n# This output is used by Xcode 'outputs' to avoid re-running this script phase.\necho \"SUCCESS\" > \"${SCRIPT_OUTPUT_FILE_0}\"\n";
			showEnvVarsInLog = 0;
		};
/* End PBXShellScriptBuildPhase section */

/* Begin PBXSourcesBuildPhase section */
		607FACCC1AFB9204008FA782 /* Sources */ = {
			isa = PBXSourcesBuildPhase;
			buildActionMask = 2147483647;
			files = (
				607FACD81AFB9204008FA782 /* ViewController.swift in Sources */,
				F802998F20CE9EA7009D64DD /* PageIndicatorPosition.swift in Sources */,
				D007954F2043262C0053E25F /* TableViewController.swift in Sources */,
				607FACD61AFB9204008FA782 /* AppDelegate.swift in Sources */,
			);
			runOnlyForDeploymentPostprocessing = 0;
		};
		607FACE11AFB9204008FA782 /* Sources */ = {
			isa = PBXSourcesBuildPhase;
			buildActionMask = 2147483647;
			files = (
				607FACEC1AFB9204008FA782 /* Tests.swift in Sources */,
				F802999020CE9EA7009D64DD /* PageIndicatorPosition.swift in Sources */,
			);
			runOnlyForDeploymentPostprocessing = 0;
		};
		D0E8A9DD1D97EB6D007EC517 /* Sources */ = {
			isa = PBXSourcesBuildPhase;
			buildActionMask = 2147483647;
			files = (
				D0E8A9F21D97EB94007EC517 /* ImageSlideshow.swift in Sources */,
				D0E8A9F41D97EB94007EC517 /* InputSource.swift in Sources */,
				D0E8A9F61D97EB94007EC517 /* UIImageView+Tools.swift in Sources */,
				D0E8A9F71D97EB94007EC517 /* ZoomAnimatedTransitioning.swift in Sources */,
				D0083DCE1EB739E700126B21 /* ActivityIndicator.swift in Sources */,
				43F0FAD42568BAEB008FFD39 /* Bundle+Module.swift in Sources */,
				F802999120CE9EA7009D64DD /* PageIndicatorPosition.swift in Sources */,
				D0E8A9F51D97EB94007EC517 /* UIImage+AspectFit.swift in Sources */,
				D0E8A9F11D97EB94007EC517 /* FullScreenSlideshowViewController.swift in Sources */,
				F539204C210F03610057EFB3 /* SwiftSupport.swift in Sources */,
				D0B974B0202738F6006217CF /* PageIndicator.swift in Sources */,
				D0E8A9F31D97EB94007EC517 /* ImageSlideshowItem.swift in Sources */,
			);
			runOnlyForDeploymentPostprocessing = 0;
		};
/* End PBXSourcesBuildPhase section */

/* Begin PBXTargetDependency section */
		607FACE71AFB9204008FA782 /* PBXTargetDependency */ = {
			isa = PBXTargetDependency;
			target = 607FACCF1AFB9204008FA782 /* ImageSlideshow_Example */;
			targetProxy = 607FACE61AFB9204008FA782 /* PBXContainerItemProxy */;
		};
/* End PBXTargetDependency section */

/* Begin PBXVariantGroup section */
		607FACD91AFB9204008FA782 /* Main.storyboard */ = {
			isa = PBXVariantGroup;
			children = (
				607FACDA1AFB9204008FA782 /* Base */,
			);
			name = Main.storyboard;
			sourceTree = "<group>";
		};
		607FACDE1AFB9204008FA782 /* LaunchScreen.xib */ = {
			isa = PBXVariantGroup;
			children = (
				607FACDF1AFB9204008FA782 /* Base */,
			);
			name = LaunchScreen.xib;
			sourceTree = "<group>";
		};
/* End PBXVariantGroup section */

/* Begin XCBuildConfiguration section */
		607FACED1AFB9204008FA782 /* Debug */ = {
			isa = XCBuildConfiguration;
			buildSettings = {
				ALWAYS_SEARCH_USER_PATHS = NO;
				CLANG_CXX_LANGUAGE_STANDARD = "gnu++0x";
				CLANG_CXX_LIBRARY = "libc++";
				CLANG_ENABLE_MODULES = YES;
				CLANG_ENABLE_OBJC_ARC = YES;
				CLANG_WARN_BLOCK_CAPTURE_AUTORELEASING = YES;
				CLANG_WARN_BOOL_CONVERSION = YES;
				CLANG_WARN_COMMA = YES;
				CLANG_WARN_CONSTANT_CONVERSION = YES;
				CLANG_WARN_DEPRECATED_OBJC_IMPLEMENTATIONS = YES;
				CLANG_WARN_DIRECT_OBJC_ISA_USAGE = YES_ERROR;
				CLANG_WARN_EMPTY_BODY = YES;
				CLANG_WARN_ENUM_CONVERSION = YES;
				CLANG_WARN_INFINITE_RECURSION = YES;
				CLANG_WARN_INT_CONVERSION = YES;
				CLANG_WARN_NON_LITERAL_NULL_CONVERSION = YES;
				CLANG_WARN_OBJC_IMPLICIT_RETAIN_SELF = YES;
				CLANG_WARN_OBJC_LITERAL_CONVERSION = YES;
				CLANG_WARN_OBJC_ROOT_CLASS = YES_ERROR;
				CLANG_WARN_RANGE_LOOP_ANALYSIS = YES;
				CLANG_WARN_STRICT_PROTOTYPES = YES;
				CLANG_WARN_SUSPICIOUS_MOVE = YES;
				CLANG_WARN_UNREACHABLE_CODE = YES;
				CLANG_WARN__DUPLICATE_METHOD_MATCH = YES;
				"CODE_SIGN_IDENTITY[sdk=iphoneos*]" = "iPhone Developer";
				COPY_PHASE_STRIP = NO;
				DEBUG_INFORMATION_FORMAT = "dwarf-with-dsym";
				ENABLE_STRICT_OBJC_MSGSEND = YES;
				ENABLE_TESTABILITY = YES;
				GCC_C_LANGUAGE_STANDARD = gnu99;
				GCC_DYNAMIC_NO_PIC = NO;
				GCC_NO_COMMON_BLOCKS = YES;
				GCC_OPTIMIZATION_LEVEL = 0;
				GCC_PREPROCESSOR_DEFINITIONS = (
					"DEBUG=1",
					"$(inherited)",
				);
				GCC_SYMBOLS_PRIVATE_EXTERN = NO;
				GCC_WARN_64_TO_32_BIT_CONVERSION = YES;
				GCC_WARN_ABOUT_RETURN_TYPE = YES_ERROR;
				GCC_WARN_UNDECLARED_SELECTOR = YES;
				GCC_WARN_UNINITIALIZED_AUTOS = YES_AGGRESSIVE;
				GCC_WARN_UNUSED_FUNCTION = YES;
				GCC_WARN_UNUSED_VARIABLE = YES;
				IPHONEOS_DEPLOYMENT_TARGET = 10.0;
				MTL_ENABLE_DEBUG_INFO = YES;
				ONLY_ACTIVE_ARCH = YES;
				SDKROOT = iphoneos;
				SWIFT_OPTIMIZATION_LEVEL = "-Onone";
				SWIFT_VERSION = 4.2;
			};
			name = Debug;
		};
		607FACEE1AFB9204008FA782 /* Release */ = {
			isa = XCBuildConfiguration;
			buildSettings = {
				ALWAYS_SEARCH_USER_PATHS = NO;
				CLANG_CXX_LANGUAGE_STANDARD = "gnu++0x";
				CLANG_CXX_LIBRARY = "libc++";
				CLANG_ENABLE_MODULES = YES;
				CLANG_ENABLE_OBJC_ARC = YES;
				CLANG_WARN_BLOCK_CAPTURE_AUTORELEASING = YES;
				CLANG_WARN_BOOL_CONVERSION = YES;
				CLANG_WARN_COMMA = YES;
				CLANG_WARN_CONSTANT_CONVERSION = YES;
				CLANG_WARN_DEPRECATED_OBJC_IMPLEMENTATIONS = YES;
				CLANG_WARN_DIRECT_OBJC_ISA_USAGE = YES_ERROR;
				CLANG_WARN_EMPTY_BODY = YES;
				CLANG_WARN_ENUM_CONVERSION = YES;
				CLANG_WARN_INFINITE_RECURSION = YES;
				CLANG_WARN_INT_CONVERSION = YES;
				CLANG_WARN_NON_LITERAL_NULL_CONVERSION = YES;
				CLANG_WARN_OBJC_IMPLICIT_RETAIN_SELF = YES;
				CLANG_WARN_OBJC_LITERAL_CONVERSION = YES;
				CLANG_WARN_OBJC_ROOT_CLASS = YES_ERROR;
				CLANG_WARN_RANGE_LOOP_ANALYSIS = YES;
				CLANG_WARN_STRICT_PROTOTYPES = YES;
				CLANG_WARN_SUSPICIOUS_MOVE = YES;
				CLANG_WARN_UNREACHABLE_CODE = YES;
				CLANG_WARN__DUPLICATE_METHOD_MATCH = YES;
				"CODE_SIGN_IDENTITY[sdk=iphoneos*]" = "iPhone Developer";
				COPY_PHASE_STRIP = NO;
				DEBUG_INFORMATION_FORMAT = "dwarf-with-dsym";
				ENABLE_NS_ASSERTIONS = NO;
				ENABLE_STRICT_OBJC_MSGSEND = YES;
				GCC_C_LANGUAGE_STANDARD = gnu99;
				GCC_NO_COMMON_BLOCKS = YES;
				GCC_WARN_64_TO_32_BIT_CONVERSION = YES;
				GCC_WARN_ABOUT_RETURN_TYPE = YES_ERROR;
				GCC_WARN_UNDECLARED_SELECTOR = YES;
				GCC_WARN_UNINITIALIZED_AUTOS = YES_AGGRESSIVE;
				GCC_WARN_UNUSED_FUNCTION = YES;
				GCC_WARN_UNUSED_VARIABLE = YES;
				IPHONEOS_DEPLOYMENT_TARGET = 10.0;
				MTL_ENABLE_DEBUG_INFO = NO;
				SDKROOT = iphoneos;
				SWIFT_OPTIMIZATION_LEVEL = "-Owholemodule";
				SWIFT_VERSION = 4.2;
				VALIDATE_PRODUCT = YES;
			};
			name = Release;
		};
		607FACF01AFB9204008FA782 /* Debug */ = {
			isa = XCBuildConfiguration;
			baseConfigurationReference = FD45C56C18E7B8EC08371B86 /* Pods-ImageSlideshow_Example.debug.xcconfig */;
			buildSettings = {
				ASSETCATALOG_COMPILER_APPICON_NAME = AppIcon;
				DEVELOPMENT_TEAM = 5VWB99DS38;
				INFOPLIST_FILE = ImageSlideshow/Info.plist;
				IPHONEOS_DEPLOYMENT_TARGET = 10.0;
				LD_RUNPATH_SEARCH_PATHS = "$(inherited) @executable_path/Frameworks";
				MODULE_NAME = ExampleApp;
				PRODUCT_BUNDLE_IDENTIFIER = "org.cocoapods.demo.$(PRODUCT_NAME:rfc1034identifier)";
				PRODUCT_NAME = "$(TARGET_NAME)";
				SWIFT_VERSION = 5.0;
			};
			name = Debug;
		};
		607FACF11AFB9204008FA782 /* Release */ = {
			isa = XCBuildConfiguration;
			baseConfigurationReference = 09417F1351C21E0DCE8667BE /* Pods-ImageSlideshow_Example.release.xcconfig */;
			buildSettings = {
				ASSETCATALOG_COMPILER_APPICON_NAME = AppIcon;
				DEVELOPMENT_TEAM = 5VWB99DS38;
				INFOPLIST_FILE = ImageSlideshow/Info.plist;
				IPHONEOS_DEPLOYMENT_TARGET = 10.0;
				LD_RUNPATH_SEARCH_PATHS = "$(inherited) @executable_path/Frameworks";
				MODULE_NAME = ExampleApp;
				PRODUCT_BUNDLE_IDENTIFIER = "org.cocoapods.demo.$(PRODUCT_NAME:rfc1034identifier)";
				PRODUCT_NAME = "$(TARGET_NAME)";
				SWIFT_VERSION = 5.0;
			};
			name = Release;
		};
		607FACF31AFB9204008FA782 /* Debug */ = {
			isa = XCBuildConfiguration;
			buildSettings = {
				BUNDLE_LOADER = "$(TEST_HOST)";
				DEVELOPMENT_TEAM = 5VWB99DS38;
				FRAMEWORK_SEARCH_PATHS = "$(inherited)";
				GCC_PREPROCESSOR_DEFINITIONS = (
					"DEBUG=1",
					"$(inherited)",
				);
				INFOPLIST_FILE = Tests/Info.plist;
				LD_RUNPATH_SEARCH_PATHS = "$(inherited) @executable_path/Frameworks @loader_path/Frameworks";
				PRODUCT_BUNDLE_IDENTIFIER = "org.cocoapods.$(PRODUCT_NAME:rfc1034identifier)";
				PRODUCT_NAME = "$(TARGET_NAME)";
				SWIFT_VERSION = 5.0;
				TEST_HOST = "$(BUILT_PRODUCTS_DIR)/ImageSlideshow_Example.app/ImageSlideshow_Example";
			};
			name = Debug;
		};
		607FACF41AFB9204008FA782 /* Release */ = {
			isa = XCBuildConfiguration;
			buildSettings = {
				BUNDLE_LOADER = "$(TEST_HOST)";
				DEVELOPMENT_TEAM = 5VWB99DS38;
				FRAMEWORK_SEARCH_PATHS = "$(inherited)";
				INFOPLIST_FILE = Tests/Info.plist;
				LD_RUNPATH_SEARCH_PATHS = "$(inherited) @executable_path/Frameworks @loader_path/Frameworks";
				PRODUCT_BUNDLE_IDENTIFIER = "org.cocoapods.$(PRODUCT_NAME:rfc1034identifier)";
				PRODUCT_NAME = "$(TARGET_NAME)";
				SWIFT_VERSION = 5.0;
				TEST_HOST = "$(BUILT_PRODUCTS_DIR)/ImageSlideshow_Example.app/ImageSlideshow_Example";
			};
			name = Release;
		};
		D0E8A9E71D97EB6D007EC517 /* Debug */ = {
			isa = XCBuildConfiguration;
			buildSettings = {
				CLANG_ANALYZER_NONNULL = YES;
				CLANG_ENABLE_MODULES = YES;
				CLANG_WARN_DOCUMENTATION_COMMENTS = YES;
				CLANG_WARN_SUSPICIOUS_MOVES = YES;
				CODE_SIGN_IDENTITY = "";
				CURRENT_PROJECT_VERSION = 1;
				DEBUG_INFORMATION_FORMAT = dwarf;
				DEFINES_MODULE = YES;
				DEVELOPMENT_TEAM = 9X4J83EL7M;
				DYLIB_COMPATIBILITY_VERSION = 1;
				DYLIB_CURRENT_VERSION = 1;
				DYLIB_INSTALL_NAME_BASE = "@rpath";
				INFOPLIST_FILE = ImageSlideshow_framework/Info.plist;
				INSTALL_PATH = "$(LOCAL_LIBRARY_DIR)/Frameworks";
				IPHONEOS_DEPLOYMENT_TARGET = 10.0;
				LD_RUNPATH_SEARCH_PATHS = "$(inherited) @executable_path/Frameworks @loader_path/Frameworks";
				PRODUCT_BUNDLE_IDENTIFIER = "io.zvo.ImageSlideshow-framework";
				PRODUCT_NAME = ImageSlideshow;
				SKIP_INSTALL = YES;
				SWIFT_ACTIVE_COMPILATION_CONDITIONS = DEBUG;
				SWIFT_OPTIMIZATION_LEVEL = "-Onone";
				TARGETED_DEVICE_FAMILY = "1,2";
				VERSIONING_SYSTEM = "apple-generic";
				VERSION_INFO_PREFIX = "";
			};
			name = Debug;
		};
		D0E8A9E81D97EB6D007EC517 /* Release */ = {
			isa = XCBuildConfiguration;
			buildSettings = {
				CLANG_ANALYZER_NONNULL = YES;
				CLANG_ENABLE_MODULES = YES;
				CLANG_WARN_DOCUMENTATION_COMMENTS = YES;
				CLANG_WARN_SUSPICIOUS_MOVES = YES;
				CODE_SIGN_IDENTITY = "";
				CURRENT_PROJECT_VERSION = 1;
				DEFINES_MODULE = YES;
				DEVELOPMENT_TEAM = 9X4J83EL7M;
				DYLIB_COMPATIBILITY_VERSION = 1;
				DYLIB_CURRENT_VERSION = 1;
				DYLIB_INSTALL_NAME_BASE = "@rpath";
				INFOPLIST_FILE = ImageSlideshow_framework/Info.plist;
				INSTALL_PATH = "$(LOCAL_LIBRARY_DIR)/Frameworks";
				IPHONEOS_DEPLOYMENT_TARGET = 10.0;
				LD_RUNPATH_SEARCH_PATHS = "$(inherited) @executable_path/Frameworks @loader_path/Frameworks";
				PRODUCT_BUNDLE_IDENTIFIER = "io.zvo.ImageSlideshow-framework";
				PRODUCT_NAME = ImageSlideshow;
				SKIP_INSTALL = YES;
				TARGETED_DEVICE_FAMILY = "1,2";
				VERSIONING_SYSTEM = "apple-generic";
				VERSION_INFO_PREFIX = "";
			};
			name = Release;
		};
/* End XCBuildConfiguration section */

/* Begin XCConfigurationList section */
		607FACCB1AFB9204008FA782 /* Build configuration list for PBXProject "ImageSlideshow" */ = {
			isa = XCConfigurationList;
			buildConfigurations = (
				607FACED1AFB9204008FA782 /* Debug */,
				607FACEE1AFB9204008FA782 /* Release */,
			);
			defaultConfigurationIsVisible = 0;
			defaultConfigurationName = Release;
		};
		607FACEF1AFB9204008FA782 /* Build configuration list for PBXNativeTarget "ImageSlideshow_Example" */ = {
			isa = XCConfigurationList;
			buildConfigurations = (
				607FACF01AFB9204008FA782 /* Debug */,
				607FACF11AFB9204008FA782 /* Release */,
			);
			defaultConfigurationIsVisible = 0;
			defaultConfigurationName = Release;
		};
		607FACF21AFB9204008FA782 /* Build configuration list for PBXNativeTarget "ImageSlideshow_Tests" */ = {
			isa = XCConfigurationList;
			buildConfigurations = (
				607FACF31AFB9204008FA782 /* Debug */,
				607FACF41AFB9204008FA782 /* Release */,
			);
			defaultConfigurationIsVisible = 0;
			defaultConfigurationName = Release;
		};
		D0E8A9E91D97EB6D007EC517 /* Build configuration list for PBXNativeTarget "ImageSlideshow_framework" */ = {
			isa = XCConfigurationList;
			buildConfigurations = (
				D0E8A9E71D97EB6D007EC517 /* Debug */,
				D0E8A9E81D97EB6D007EC517 /* Release */,
			);
			defaultConfigurationIsVisible = 0;
			defaultConfigurationName = Release;
		};
/* End XCConfigurationList section */
	};
	rootObject = 607FACC81AFB9204008FA782 /* Project object */;
}
