// !$*UTF8*$!
{
	archiveVersion = 1;
	classes = {
	};
	objectVersion = 46;
	objects = {

/* Begin PBXBuildFile section */
		6E313C2F1D41339B005132DA /* ImageSlideshow.h in Headers */ = {isa = PBXBuildFile; fileRef = 6E313C2E1D41339B005132DA /* ImageSlideshow.h */; settings = {ATTRIBUTES = (Public, ); }; };
		6EDE52021D4296DE00DF4BEA /* ic_cross_white@2x.png in Resources */ = {isa = PBXBuildFile; fileRef = 6EDE51F11D4296DE00DF4BEA /* ic_cross_white@2x.png */; };
		6EDE52031D4296DE00DF4BEA /* ic_cross_white@3x.png in Resources */ = {isa = PBXBuildFile; fileRef = 6EDE51F21D4296DE00DF4BEA /* ic_cross_white@3x.png */; };
		6EDE52051D4296DE00DF4BEA /* FullScreenSlideshowViewController.swift in Sources */ = {isa = PBXBuildFile; fileRef = 6EDE51F61D4296DE00DF4BEA /* FullScreenSlideshowViewController.swift */; };
		6EDE52061D4296DE00DF4BEA /* ImageSlideshow.swift in Sources */ = {isa = PBXBuildFile; fileRef = 6EDE51F71D4296DE00DF4BEA /* ImageSlideshow.swift */; };
		6EDE52071D4296DE00DF4BEA /* ImageSlideshowItem.swift in Sources */ = {isa = PBXBuildFile; fileRef = 6EDE51F81D4296DE00DF4BEA /* ImageSlideshowItem.swift */; };
		6EDE52081D4296DE00DF4BEA /* InputSource.swift in Sources */ = {isa = PBXBuildFile; fileRef = 6EDE51F91D4296DE00DF4BEA /* InputSource.swift */; };
		6EDE52091D4296DE00DF4BEA /* UIImage+AspectFit.swift in Sources */ = {isa = PBXBuildFile; fileRef = 6EDE51FA1D4296DE00DF4BEA /* UIImage+AspectFit.swift */; };
		6EDE520A1D4296DE00DF4BEA /* UIImageView+Tools.swift in Sources */ = {isa = PBXBuildFile; fileRef = 6EDE51FB1D4296DE00DF4BEA /* UIImageView+Tools.swift */; };
		6EDE520B1D4296DE00DF4BEA /* ZoomAnimatedTransitioning.swift in Sources */ = {isa = PBXBuildFile; fileRef = 6EDE51FC1D4296DE00DF4BEA /* ZoomAnimatedTransitioning.swift */; };
/* End PBXBuildFile section */

/* Begin PBXFileReference section */
		6E313C2B1D41339B005132DA /* ImageSlideshow.framework */ = {isa = PBXFileReference; explicitFileType = wrapper.framework; includeInIndex = 0; path = ImageSlideshow.framework; sourceTree = BUILT_PRODUCTS_DIR; };
		6E313C2E1D41339B005132DA /* ImageSlideshow.h */ = {isa = PBXFileReference; lastKnownFileType = sourcecode.c.h; path = ImageSlideshow.h; sourceTree = "<group>"; };
		6E313C301D41339B005132DA /* Info.plist */ = {isa = PBXFileReference; lastKnownFileType = text.plist.xml; path = Info.plist; sourceTree = "<group>"; };
		6EDE51F11D4296DE00DF4BEA /* ic_cross_white@2x.png */ = {isa = PBXFileReference; lastKnownFileType = image.png; path = "ic_cross_white@2x.png"; sourceTree = "<group>"; };
		6EDE51F21D4296DE00DF4BEA /* ic_cross_white@3x.png */ = {isa = PBXFileReference; lastKnownFileType = image.png; path = "ic_cross_white@3x.png"; sourceTree = "<group>"; };
		6EDE51F61D4296DE00DF4BEA /* FullScreenSlideshowViewController.swift */ = {isa = PBXFileReference; fileEncoding = 4; lastKnownFileType = sourcecode.swift; path = FullScreenSlideshowViewController.swift; sourceTree = "<group>"; };
		6EDE51F71D4296DE00DF4BEA /* ImageSlideshow.swift */ = {isa = PBXFileReference; fileEncoding = 4; lastKnownFileType = sourcecode.swift; path = ImageSlideshow.swift; sourceTree = "<group>"; };
		6EDE51F81D4296DE00DF4BEA /* ImageSlideshowItem.swift */ = {isa = PBXFileReference; fileEncoding = 4; lastKnownFileType = sourcecode.swift; path = ImageSlideshowItem.swift; sourceTree = "<group>"; };
		6EDE51F91D4296DE00DF4BEA /* InputSource.swift */ = {isa = PBXFileReference; fileEncoding = 4; lastKnownFileType = sourcecode.swift; path = InputSource.swift; sourceTree = "<group>"; };
		6EDE51FA1D4296DE00DF4BEA /* UIImage+AspectFit.swift */ = {isa = PBXFileReference; fileEncoding = 4; lastKnownFileType = sourcecode.swift; path = "UIImage+AspectFit.swift"; sourceTree = "<group>"; };
		6EDE51FB1D4296DE00DF4BEA /* UIImageView+Tools.swift */ = {isa = PBXFileReference; fileEncoding = 4; lastKnownFileType = sourcecode.swift; path = "UIImageView+Tools.swift"; sourceTree = "<group>"; };
		6EDE51FC1D4296DE00DF4BEA /* ZoomAnimatedTransitioning.swift */ = {isa = PBXFileReference; fileEncoding = 4; lastKnownFileType = sourcecode.swift; path = ZoomAnimatedTransitioning.swift; sourceTree = "<group>"; };
		6EDE51FE1D4296DE00DF4BEA /* AFURLSource.swift */ = {isa = PBXFileReference; fileEncoding = 4; lastKnownFileType = sourcecode.swift; path = AFURLSource.swift; sourceTree = "<group>"; };
		6EDE51FF1D4296DE00DF4BEA /* AlamofireSource.swift */ = {isa = PBXFileReference; fileEncoding = 4; lastKnownFileType = sourcecode.swift; path = AlamofireSource.swift; sourceTree = "<group>"; };
		6EDE52001D4296DE00DF4BEA /* SDWebImageSource.swift */ = {isa = PBXFileReference; fileEncoding = 4; lastKnownFileType = sourcecode.swift; path = SDWebImageSource.swift; sourceTree = "<group>"; };
/* End PBXFileReference section */

/* Begin PBXFrameworksBuildPhase section */
		6E313C271D41339B005132DA /* Frameworks */ = {
			isa = PBXFrameworksBuildPhase;
			buildActionMask = 2147483647;
			files = (
			);
			runOnlyForDeploymentPostprocessing = 0;
		};
/* End PBXFrameworksBuildPhase section */

/* Begin PBXGroup section */
		6E313C211D41339B005132DA = {
			isa = PBXGroup;
			children = (
				6E313C2D1D41339B005132DA /* ImageSlideshow */,
				6E313C2C1D41339B005132DA /* Products */,
			);
			sourceTree = "<group>";
		};
		6E313C2C1D41339B005132DA /* Products */ = {
			isa = PBXGroup;
			children = (
				6E313C2B1D41339B005132DA /* ImageSlideshow.framework */,
			);
			name = Products;
			sourceTree = "<group>";
		};
		6E313C2D1D41339B005132DA /* ImageSlideshow */ = {
			isa = PBXGroup;
			children = (
				6EDE51EF1D4296DE00DF4BEA /* Assets */,
				6EDE51F31D4296DE00DF4BEA /* Classes */,
				6E313C2E1D41339B005132DA /* ImageSlideshow.h */,
				6E313C301D41339B005132DA /* Info.plist */,
			);
			path = ImageSlideshow;
			sourceTree = "<group>";
		};
		6EDE51EF1D4296DE00DF4BEA /* Assets */ = {
			isa = PBXGroup;
			children = (
				6EDE51F11D4296DE00DF4BEA /* ic_cross_white@2x.png */,
				6EDE51F21D4296DE00DF4BEA /* ic_cross_white@3x.png */,
			);
			name = Assets;
			path = ../../Pod/Assets;
			sourceTree = "<group>";
		};
		6EDE51F31D4296DE00DF4BEA /* Classes */ = {
			isa = PBXGroup;
			children = (
				6EDE51F51D4296DE00DF4BEA /* Core */,
				6EDE51FD1D4296DE00DF4BEA /* InputSources */,
			);
			name = Classes;
			path = ../../Pod/Classes;
			sourceTree = "<group>";
		};
		6EDE51F51D4296DE00DF4BEA /* Core */ = {
			isa = PBXGroup;
			children = (
				6EDE51F61D4296DE00DF4BEA /* FullScreenSlideshowViewController.swift */,
				6EDE51F71D4296DE00DF4BEA /* ImageSlideshow.swift */,
				6EDE51F81D4296DE00DF4BEA /* ImageSlideshowItem.swift */,
				6EDE51F91D4296DE00DF4BEA /* InputSource.swift */,
				6EDE51FA1D4296DE00DF4BEA /* UIImage+AspectFit.swift */,
				6EDE51FB1D4296DE00DF4BEA /* UIImageView+Tools.swift */,
				6EDE51FC1D4296DE00DF4BEA /* ZoomAnimatedTransitioning.swift */,
			);
			path = Core;
			sourceTree = "<group>";
		};
		6EDE51FD1D4296DE00DF4BEA /* InputSources */ = {
			isa = PBXGroup;
			children = (
				6EDE51FE1D4296DE00DF4BEA /* AFURLSource.swift */,
				6EDE51FF1D4296DE00DF4BEA /* AlamofireSource.swift */,
				6EDE52001D4296DE00DF4BEA /* SDWebImageSource.swift */,
			);
			path = InputSources;
			sourceTree = "<group>";
		};
/* End PBXGroup section */

/* Begin PBXHeadersBuildPhase section */
		6E313C281D41339B005132DA /* Headers */ = {
			isa = PBXHeadersBuildPhase;
			buildActionMask = 2147483647;
			files = (
				6E313C2F1D41339B005132DA /* ImageSlideshow.h in Headers */,
			);
			runOnlyForDeploymentPostprocessing = 0;
		};
/* End PBXHeadersBuildPhase section */

/* Begin PBXNativeTarget section */
		6E313C2A1D41339B005132DA /* ImageSlideshow */ = {
			isa = PBXNativeTarget;
			buildConfigurationList = 6E313C331D41339B005132DA /* Build configuration list for PBXNativeTarget "ImageSlideshow" */;
			buildPhases = (
				6E313C261D41339B005132DA /* Sources */,
				6E313C271D41339B005132DA /* Frameworks */,
				6E313C281D41339B005132DA /* Headers */,
				6E313C291D41339B005132DA /* Resources */,
			);
			buildRules = (
			);
			dependencies = (
			);
			name = ImageSlideshow;
			productName = ImageSlideshow;
			productReference = 6E313C2B1D41339B005132DA /* ImageSlideshow.framework */;
			productType = "com.apple.product-type.framework";
		};
/* End PBXNativeTarget section */

/* Begin PBXProject section */
		6E313C221D41339B005132DA /* Project object */ = {
			isa = PBXProject;
			attributes = {
				LastUpgradeCheck = 0730;
				ORGANIZATIONNAME = zvonicek;
				TargetAttributes = {
					6E313C2A1D41339B005132DA = {
						CreatedOnToolsVersion = 7.3.1;
					};
				};
			};
			buildConfigurationList = 6E313C251D41339B005132DA /* Build configuration list for PBXProject "ImageSlideshow" */;
			compatibilityVersion = "Xcode 3.2";
			developmentRegion = English;
			hasScannedForEncodings = 0;
			knownRegions = (
				en,
			);
			mainGroup = 6E313C211D41339B005132DA;
			productRefGroup = 6E313C2C1D41339B005132DA /* Products */;
			projectDirPath = "";
			projectRoot = "";
			targets = (
				6E313C2A1D41339B005132DA /* ImageSlideshow */,
			);
		};
/* End PBXProject section */

/* Begin PBXResourcesBuildPhase section */
		6E313C291D41339B005132DA /* Resources */ = {
			isa = PBXResourcesBuildPhase;
			buildActionMask = 2147483647;
			files = (
				6EDE52031D4296DE00DF4BEA /* ic_cross_white@3x.png in Resources */,
				6EDE52021D4296DE00DF4BEA /* ic_cross_white@2x.png in Resources */,
			);
			runOnlyForDeploymentPostprocessing = 0;
		};
/* End PBXResourcesBuildPhase section */

/* Begin PBXSourcesBuildPhase section */
		6E313C261D41339B005132DA /* Sources */ = {
			isa = PBXSourcesBuildPhase;
			buildActionMask = 2147483647;
			files = (
				6EDE52061D4296DE00DF4BEA /* ImageSlideshow.swift in Sources */,
				6EDE52081D4296DE00DF4BEA /* InputSource.swift in Sources */,
				6EDE520A1D4296DE00DF4BEA /* UIImageView+Tools.swift in Sources */,
				6EDE520B1D4296DE00DF4BEA /* ZoomAnimatedTransitioning.swift in Sources */,
				6EDE52091D4296DE00DF4BEA /* UIImage+AspectFit.swift in Sources */,
				6EDE52051D4296DE00DF4BEA /* FullScreenSlideshowViewController.swift in Sources */,
				6EDE52071D4296DE00DF4BEA /* ImageSlideshowItem.swift in Sources */,
			);
			runOnlyForDeploymentPostprocessing = 0;
		};
/* End PBXSourcesBuildPhase section */

/* Begin XCBuildConfiguration section */
		6E313C311D41339B005132DA /* Debug */ = {
			isa = XCBuildConfiguration;
			buildSettings = {
				ALWAYS_SEARCH_USER_PATHS = NO;
				CLANG_ANALYZER_NONNULL = YES;
				CLANG_CXX_LANGUAGE_STANDARD = "gnu++0x";
				CLANG_CXX_LIBRARY = "libc++";
				CLANG_ENABLE_MODULES = YES;
				CLANG_ENABLE_OBJC_ARC = YES;
				CLANG_WARN_BOOL_CONVERSION = YES;
				CLANG_WARN_CONSTANT_CONVERSION = YES;
				CLANG_WARN_DIRECT_OBJC_ISA_USAGE = YES_ERROR;
				CLANG_WARN_EMPTY_BODY = YES;
				CLANG_WARN_ENUM_CONVERSION = YES;
				CLANG_WARN_INT_CONVERSION = YES;
				CLANG_WARN_OBJC_ROOT_CLASS = YES_ERROR;
				CLANG_WARN_UNREACHABLE_CODE = YES;
				CLANG_WARN__DUPLICATE_METHOD_MATCH = YES;
				"CODE_SIGN_IDENTITY[sdk=iphoneos*]" = "iPhone Developer";
				COPY_PHASE_STRIP = NO;
				CURRENT_PROJECT_VERSION = 1;
				DEBUG_INFORMATION_FORMAT = dwarf;
				ENABLE_STRICT_OBJC_MSGSEND = YES;
				ENABLE_TESTABILITY = YES;
				GCC_C_LANGUAGE_STANDARD = gnu99;
				GCC_DYNAMIC_NO_PIC = NO;
				GCC_NO_COMMON_BLOCKS = YES;
				GCC_OPTIMIZATION_LEVEL = 0;
				GCC_PREPROCESSOR_DEFINITIONS = (
					"DEBUG=1",
					"$(inherited)",
				);
				GCC_WARN_64_TO_32_BIT_CONVERSION = YES;
				GCC_WARN_ABOUT_RETURN_TYPE = YES_ERROR;
				GCC_WARN_UNDECLARED_SELECTOR = YES;
				GCC_WARN_UNINITIALIZED_AUTOS = YES_AGGRESSIVE;
				GCC_WARN_UNUSED_FUNCTION = YES;
				GCC_WARN_UNUSED_VARIABLE = YES;
				IPHONEOS_DEPLOYMENT_TARGET = 8.0;
				MTL_ENABLE_DEBUG_INFO = YES;
				ONLY_ACTIVE_ARCH = YES;
				SDKROOT = iphoneos;
				SWIFT_OPTIMIZATION_LEVEL = "-Onone";
				TARGETED_DEVICE_FAMILY = "1,2";
				VERSIONING_SYSTEM = "apple-generic";
				VERSION_INFO_PREFIX = "";
			};
			name = Debug;
		};
		6E313C321D41339B005132DA /* Release */ = {
			isa = XCBuildConfiguration;
			buildSettings = {
				ALWAYS_SEARCH_USER_PATHS = NO;
				CLANG_ANALYZER_NONNULL = YES;
				CLANG_CXX_LANGUAGE_STANDARD = "gnu++0x";
				CLANG_CXX_LIBRARY = "libc++";
				CLANG_ENABLE_MODULES = YES;
				CLANG_ENABLE_OBJC_ARC = YES;
				CLANG_WARN_BOOL_CONVERSION = YES;
				CLANG_WARN_CONSTANT_CONVERSION = YES;
				CLANG_WARN_DIRECT_OBJC_ISA_USAGE = YES_ERROR;
				CLANG_WARN_EMPTY_BODY = YES;
				CLANG_WARN_ENUM_CONVERSION = YES;
				CLANG_WARN_INT_CONVERSION = YES;
				CLANG_WARN_OBJC_ROOT_CLASS = YES_ERROR;
				CLANG_WARN_UNREACHABLE_CODE = YES;
				CLANG_WARN__DUPLICATE_METHOD_MATCH = YES;
				"CODE_SIGN_IDENTITY[sdk=iphoneos*]" = "iPhone Developer";
				COPY_PHASE_STRIP = NO;
				CURRENT_PROJECT_VERSION = 1;
				DEBUG_INFORMATION_FORMAT = "dwarf-with-dsym";
				ENABLE_NS_ASSERTIONS = NO;
				ENABLE_STRICT_OBJC_MSGSEND = YES;
				GCC_C_LANGUAGE_STANDARD = gnu99;
				GCC_NO_COMMON_BLOCKS = YES;
				GCC_WARN_64_TO_32_BIT_CONVERSION = YES;
				GCC_WARN_ABOUT_RETURN_TYPE = YES_ERROR;
				GCC_WARN_UNDECLARED_SELECTOR = YES;
				GCC_WARN_UNINITIALIZED_AUTOS = YES_AGGRESSIVE;
				GCC_WARN_UNUSED_FUNCTION = YES;
				GCC_WARN_UNUSED_VARIABLE = YES;
				IPHONEOS_DEPLOYMENT_TARGET = 8.0;
				MTL_ENABLE_DEBUG_INFO = NO;
				SDKROOT = iphoneos;
				TARGETED_DEVICE_FAMILY = "1,2";
				VALIDATE_PRODUCT = YES;
				VERSIONING_SYSTEM = "apple-generic";
				VERSION_INFO_PREFIX = "";
			};
			name = Release;
		};
		6E313C341D41339B005132DA /* Debug */ = {
			isa = XCBuildConfiguration;
			buildSettings = {
				DEFINES_MODULE = YES;
				DYLIB_COMPATIBILITY_VERSION = 1;
				DYLIB_CURRENT_VERSION = 1;
				DYLIB_INSTALL_NAME_BASE = "@rpath";
				INFOPLIST_FILE = ImageSlideshow/Info.plist;
				INSTALL_PATH = "$(LOCAL_LIBRARY_DIR)/Frameworks";
				LD_RUNPATH_SEARCH_PATHS = "$(inherited) @executable_path/Frameworks @loader_path/Frameworks";
				PRODUCT_BUNDLE_IDENTIFIER = com.zvonicek.ImageSlideshow;
				PRODUCT_NAME = "$(TARGET_NAME)";
				SKIP_INSTALL = YES;
			};
			name = Debug;
		};
		6E313C351D41339B005132DA /* Release */ = {
			isa = XCBuildConfiguration;
			buildSettings = {
				DEFINES_MODULE = YES;
				DYLIB_COMPATIBILITY_VERSION = 1;
				DYLIB_CURRENT_VERSION = 1;
				DYLIB_INSTALL_NAME_BASE = "@rpath";
				INFOPLIST_FILE = ImageSlideshow/Info.plist;
				INSTALL_PATH = "$(LOCAL_LIBRARY_DIR)/Frameworks";
				LD_RUNPATH_SEARCH_PATHS = "$(inherited) @executable_path/Frameworks @loader_path/Frameworks";
				PRODUCT_BUNDLE_IDENTIFIER = com.zvonicek.ImageSlideshow;
				PRODUCT_NAME = "$(TARGET_NAME)";
				SKIP_INSTALL = YES;
			};
			name = Release;
		};
/* End XCBuildConfiguration section */

/* Begin XCConfigurationList section */
		6E313C251D41339B005132DA /* Build configuration list for PBXProject "ImageSlideshow" */ = {
			isa = XCConfigurationList;
			buildConfigurations = (
				6E313C311D41339B005132DA /* Debug */,
				6E313C321D41339B005132DA /* Release */,
			);
			defaultConfigurationIsVisible = 0;
			defaultConfigurationName = Release;
		};
		6E313C331D41339B005132DA /* Build configuration list for PBXNativeTarget "ImageSlideshow" */ = {
			isa = XCConfigurationList;
			buildConfigurations = (
				6E313C341D41339B005132DA /* Debug */,
				6E313C351D41339B005132DA /* Release */,
			);
			defaultConfigurationIsVisible = 0;
			defaultConfigurationName = Release;
		};
/* End XCConfigurationList section */
	};
	rootObject = 6E313C221D41339B005132DA /* Project object */;
}
